
Microsoft Visual Studio Solution File, Format Version 12.00
# Visual Studio Version 17
VisualStudioVersion = 17.0.31903.59
MinimumVisualStudioVersion = 10.0.40219.1
Project("{9A19103F-16F7-4668-BE54-9A1E7A4F7556}") = "ShevkunenkoSite", "ShevkunenkoSite\ShevkunenkoSite.csproj", "{05F99654-47F2-44B3-9DB4-86301D51EC05}"
EndProject
Project("{9A19103F-16F7-4668-BE54-9A1E7A4F7556}") = "ShevkunenkoSite.Models", "ShevkunenkoSite.Models\ShevkunenkoSite.Models.csproj", "{9BC852D7-EF45-41F8-B6D5-417CC3938DBE}"
EndProject
Project("{9A19103F-16F7-4668-BE54-9A1E7A4F7556}") = "ShevkunenkoSite.Services", "ShevkunenkoSite.Services\ShevkunenkoSite.Services.csproj", "{ECFB151D-1304-4946-9E2F-AEA1AE299139}"
EndProject
Project("{E24C65DC-7377-472B-9ABA-BC803B73C61A}") = "shevkunenko.ru", "..\shevkunenko.ru\", "{610E8A56-5298-427E-86CB-F1BE66E2B7AF}"
	ProjectSection(WebsiteProperties) = preProject
		TargetFrameworkMoniker = ".NETFramework,Version%3Dv4.8"
		Debug.AspNetCompiler.VirtualPath = "/localhost_52614"
		Debug.AspNetCompiler.PhysicalPath = "..\shevkunenko.ru\"
		Debug.AspNetCompiler.TargetPath = "PrecompiledWeb\localhost_52614\"
		Debug.AspNetCompiler.Updateable = "true"
		Debug.AspNetCompiler.ForceOverwrite = "true"
		Debug.AspNetCompiler.FixedNames = "false"
		Debug.AspNetCompiler.Debug = "True"
		Release.AspNetCompiler.VirtualPath = "/localhost_52614"
		Release.AspNetCompiler.PhysicalPath = "..\shevkunenko.ru\"
		Release.AspNetCompiler.TargetPath = "PrecompiledWeb\localhost_52614\"
		Release.AspNetCompiler.Updateable = "true"
		Release.AspNetCompiler.ForceOverwrite = "true"
		Release.AspNetCompiler.FixedNames = "false"
		Release.AspNetCompiler.Debug = "False"
		VWDPort = "52614"
		SlnRelativePath = "..\shevkunenko.ru\"
	EndProjectSection
EndProject
Project("{2150E333-8FDC-42A3-9474-1A3956D46DE8}") = "Metanit.com", "Metanit.com", "{903275A2-A9B0-43E1-A13C-A089F3E48289}"
EndProject
Project("{2150E333-8FDC-42A3-9474-1A3956D46DE8}") = "Руководство по ASP.NET Core 8", "Руководство по ASP.NET Core 8", "{C8B84BA2-BADB-48E9-9531-9A46B84E6934}"
EndProject
Project("{2150E333-8FDC-42A3-9474-1A3956D46DE8}") = "Глава 06 - Кофигурация", "Глава 06 - Кофигурация", "{DD4DF3ED-7574-4ED0-9381-E72560BE7CF0}"
	ProjectSection(SolutionItems) = preProject
		Metanit.com\Руководство по ASP.NET Core 8\Глава 06 - Кофигурация\Страница 01 - Основы конфигурации.txt = Metanit.com\Руководство по ASP.NET Core 8\Глава 06 - Кофигурация\Страница 01 - Основы конфигурации.txt
	EndProjectSection
EndProject
Project("{FAE04EC0-301F-11D3-BF4B-00C04F79EFBC}") = "Chapter06-01", "Metanit.com\Руководство по ASP.NET Core 8\Глава 06 - Кофигурация\Chapter06-01\Chapter06-01.csproj", "{60E96745-39DE-41ED-A414-E8E342652ADC}"
EndProject
Global
	GlobalSection(SolutionConfigurationPlatforms) = preSolution
		Debug|Any CPU = Debug|Any CPU
		Release|Any CPU = Release|Any CPU
	EndGlobalSection
	GlobalSection(ProjectConfigurationPlatforms) = postSolution
		{05F99654-47F2-44B3-9DB4-86301D51EC05}.Debug|Any CPU.ActiveCfg = Debug|Any CPU
		{05F99654-47F2-44B3-9DB4-86301D51EC05}.Debug|Any CPU.Build.0 = Debug|Any CPU
		{05F99654-47F2-44B3-9DB4-86301D51EC05}.Release|Any CPU.ActiveCfg = Release|Any CPU
		{05F99654-47F2-44B3-9DB4-86301D51EC05}.Release|Any CPU.Build.0 = Release|Any CPU
		{9BC852D7-EF45-41F8-B6D5-417CC3938DBE}.Debug|Any CPU.ActiveCfg = Debug|Any CPU
		{9BC852D7-EF45-41F8-B6D5-417CC3938DBE}.Debug|Any CPU.Build.0 = Debug|Any CPU
		{9BC852D7-EF45-41F8-B6D5-417CC3938DBE}.Release|Any CPU.ActiveCfg = Release|Any CPU
		{9BC852D7-EF45-41F8-B6D5-417CC3938DBE}.Release|Any CPU.Build.0 = Release|Any CPU
		{ECFB151D-1304-4946-9E2F-AEA1AE299139}.Debug|Any CPU.ActiveCfg = Debug|Any CPU
		{ECFB151D-1304-4946-9E2F-AEA1AE299139}.Debug|Any CPU.Build.0 = Debug|Any CPU
		{ECFB151D-1304-4946-9E2F-AEA1AE299139}.Release|Any CPU.ActiveCfg = Release|Any CPU
		{ECFB151D-1304-4946-9E2F-AEA1AE299139}.Release|Any CPU.Build.0 = Release|Any CPU
		{610E8A56-5298-427E-86CB-F1BE66E2B7AF}.Debug|Any CPU.ActiveCfg = Debug|Any CPU
		{610E8A56-5298-427E-86CB-F1BE66E2B7AF}.Debug|Any CPU.Build.0 = Debug|Any CPU
		{610E8A56-5298-427E-86CB-F1BE66E2B7AF}.Release|Any CPU.ActiveCfg = Debug|Any CPU
		{610E8A56-5298-427E-86CB-F1BE66E2B7AF}.Release|Any CPU.Build.0 = Debug|Any CPU
		{60E96745-39DE-41ED-A414-E8E342652ADC}.Debug|Any CPU.ActiveCfg = Debug|Any CPU
		{60E96745-39DE-41ED-A414-E8E342652ADC}.Debug|Any CPU.Build.0 = Debug|Any CPU
		{60E96745-39DE-41ED-A414-E8E342652ADC}.Release|Any CPU.ActiveCfg = Release|Any CPU
		{60E96745-39DE-41ED-A414-E8E342652ADC}.Release|Any CPU.Build.0 = Release|Any CPU
	EndGlobalSection
	GlobalSection(SolutionProperties) = preSolution
		HideSolutionNode = FALSE
	EndGlobalSection
	GlobalSection(NestedProjects) = preSolution
		{C8B84BA2-BADB-48E9-9531-9A46B84E6934} = {903275A2-A9B0-43E1-A13C-A089F3E48289}
		{DD4DF3ED-7574-4ED0-9381-E72560BE7CF0} = {C8B84BA2-BADB-48E9-9531-9A46B84E6934}
		{60E96745-39DE-41ED-A414-E8E342652ADC} = {DD4DF3ED-7574-4ED0-9381-E72560BE7CF0}
	EndGlobalSection
	GlobalSection(ExtensibilityGlobals) = postSolution
		SolutionGuid = {22722325-6FE3-4A44-9D6F-E82DEB2E6AFC}
	EndGlobalSection
EndGlobal
