
Microsoft Visual Studio Solution File, Format Version 12.00
# Visual Studio Version 17
VisualStudioVersion = 17.0.31903.59
MinimumVisualStudioVersion = 10.0.40219.1
Project("{9A19103F-16F7-4668-BE54-9A1E7A4F7556}") = "ShevkunenkoSite", "ShevkunenkoSite\ShevkunenkoSite.csproj", "{05F99654-47F2-44B3-9DB4-86301D51EC05}"
EndProject
Project("{9A19103F-16F7-4668-BE54-9A1E7A4F7556}") = "ShevkunenkoSite.Models", "ShevkunenkoSite.Models\ShevkunenkoSite.Models.csproj", "{9BC852D7-EF45-41F8-B6D5-417CC3938DBE}"
EndProject
Project("{9A19103F-16F7-4668-BE54-9A1E7A4F7556}") = "ShevkunenkoSite.Services", "ShevkunenkoSite.Services\ShevkunenkoSite.Services.csproj", "{ECFB151D-1304-4946-9E2F-AEA1AE299139}"
EndProject
Project("{E24C65DC-7377-472B-9ABA-BC803B73C61A}") = "shevkunenko.ru", "..\shevkunenko.ru\", "{610E8A56-5298-427E-86CB-F1BE66E2B7AF}"
	ProjectSection(WebsiteProperties) = preProject
		TargetFrameworkMoniker = ".NETFramework,Version%3Dv4.8"
		Debug.AspNetCompiler.VirtualPath = "/localhost_52614"
		Debug.AspNetCompiler.PhysicalPath = "..\shevkunenko.ru\"
		Debug.AspNetCompiler.TargetPath = "PrecompiledWeb\localhost_52614\"
		Debug.AspNetCompiler.Updateable = "true"
		Debug.AspNetCompiler.ForceOverwrite = "true"
		Debug.AspNetCompiler.FixedNames = "false"
		Debug.AspNetCompiler.Debug = "True"
		Release.AspNetCompiler.VirtualPath = "/localhost_52614"
		Release.AspNetCompiler.PhysicalPath = "..\shevkunenko.ru\"
		Release.AspNetCompiler.TargetPath = "PrecompiledWeb\localhost_52614\"
		Release.AspNetCompiler.Updateable = "true"
		Release.AspNetCompiler.ForceOverwrite = "true"
		Release.AspNetCompiler.FixedNames = "false"
		Release.AspNetCompiler.Debug = "False"
		VWDPort = "52614"
		SlnRelativePath = "..\shevkunenko.ru\"
	EndProjectSection
EndProject
Project("{2150E333-8FDC-42A3-9474-1A3956D46DE8}") = "Metanit.com", "Metanit.com", "{903275A2-A9B0-43E1-A13C-A089F3E48289}"
EndProject
Project("{2150E333-8FDC-42A3-9474-1A3956D46DE8}") = "Руководство по ASP.NET Core 8", "Руководство по ASP.NET Core 8", "{C8B84BA2-BADB-48E9-9531-9A46B84E6934}"
EndProject
Project("{2150E333-8FDC-42A3-9474-1A3956D46DE8}") = "Глава 06 - Кофигурация", "Глава 06 - Кофигурация", "{DD4DF3ED-7574-4ED0-9381-E72560BE7CF0}"
	ProjectSection(SolutionItems) = preProject
		Metanit.com\Руководство по ASP.NET Core 8\Глава 06 - Кофигурация\Страница 01 - Основы конфигурации.txt = Metanit.com\Руководство по ASP.NET Core 8\Глава 06 - Кофигурация\Страница 01 - Основы конфигурации.txt
		Metanit.com\Руководство по ASP.NET Core 8\Глава 06 - Кофигурация\Страница 02 - Нефайловые провайдеры конфигурации.txt = Metanit.com\Руководство по ASP.NET Core 8\Глава 06 - Кофигурация\Страница 02 - Нефайловые провайдеры конфигурации.txt
		Metanit.com\Руководство по ASP.NET Core 8\Глава 06 - Кофигурация\Страница 03 - Конфигурация в JSON.txt = Metanit.com\Руководство по ASP.NET Core 8\Глава 06 - Кофигурация\Страница 03 - Конфигурация в JSON.txt
		Metanit.com\Руководство по ASP.NET Core 8\Глава 06 - Кофигурация\Страница 04 - Конфигурация по умолчанию.txt = Metanit.com\Руководство по ASP.NET Core 8\Глава 06 - Кофигурация\Страница 04 - Конфигурация по умолчанию.txt
		Metanit.com\Руководство по ASP.NET Core 8\Глава 06 - Кофигурация\Страница 05 - Анализ конфигурации.txt = Metanit.com\Руководство по ASP.NET Core 8\Глава 06 - Кофигурация\Страница 05 - Анализ конфигурации.txt
		Metanit.com\Руководство по ASP.NET Core 8\Глава 06 - Кофигурация\Страница 06 - Создание провайдера конфгурации.txt = Metanit.com\Руководство по ASP.NET Core 8\Глава 06 - Кофигурация\Страница 06 - Создание провайдера конфгурации.txt
		Metanit.com\Руководство по ASP.NET Core 8\Глава 06 - Кофигурация\Страница 07 - Проекция конфигурации на классы.txt = Metanit.com\Руководство по ASP.NET Core 8\Глава 06 - Кофигурация\Страница 07 - Проекция конфигурации на классы.txt
		Metanit.com\Руководство по ASP.NET Core 8\Глава 06 - Кофигурация\Страница 08 - Передача конфигурации через IOptions.txt = Metanit.com\Руководство по ASP.NET Core 8\Глава 06 - Кофигурация\Страница 08 - Передача конфигурации через IOptions.txt
	EndProjectSection
EndProject
Project("{9A19103F-16F7-4668-BE54-9A1E7A4F7556}") = "Chapter06-01", "Metanit.com\Руководство по ASP.NET Core 8\Глава 06 - Кофигурация\Chapter06-01\Chapter06-01.csproj", "{60E96745-39DE-41ED-A414-E8E342652ADC}"
EndProject
Project("{9A19103F-16F7-4668-BE54-9A1E7A4F7556}") = "Chapter06-02", "Metanit.com\Руководство по ASP.NET Core 8\Глава 06 - Кофигурация\Chapter06-02\Chapter06-02.csproj", "{2F346098-6647-4B8E-BA89-F74E5EEEA7CF}"
EndProject
Project("{9A19103F-16F7-4668-BE54-9A1E7A4F7556}") = "Chapter06-03", "Metanit.com\Руководство по ASP.NET Core 8\Глава 06 - Кофигурация\Chapter06-03\Chapter06-03.csproj", "{90391051-10EE-4733-85D9-6B039E8B1354}"
EndProject
Project("{9A19103F-16F7-4668-BE54-9A1E7A4F7556}") = "Chapter06-04", "Metanit.com\Руководство по ASP.NET Core 8\Глава 06 - Кофигурация\Chapter06-04\Chapter06-04.csproj", "{FDD0A654-64F6-4C8E-8F35-1CD87EE5E8C1}"
EndProject
Project("{9A19103F-16F7-4668-BE54-9A1E7A4F7556}") = "Chapter06-05", "Metanit.com\Руководство по ASP.NET Core 8\Глава 06 - Кофигурация\Chapter06-05\Chapter06-05.csproj", "{FF128DD8-FF58-47B2-88D4-C07518B21B2A}"
EndProject
Project("{9A19103F-16F7-4668-BE54-9A1E7A4F7556}") = "Chapter06-06", "Metanit.com\Руководство по ASP.NET Core 8\Глава 06 - Кофигурация\Chapter06-06\Chapter06-06.csproj", "{508E3DCF-DA3C-467A-86AD-B409740874C5}"
EndProject
Project("{9A19103F-16F7-4668-BE54-9A1E7A4F7556}") = "Chapter06-07", "Metanit.com\Руководство по ASP.NET Core 8\Глава 06 - Кофигурация\Chapter06-07\Chapter06-07.csproj", "{0A03FEA8-9B33-4345-BE83-1F457397DCA0}"
EndProject
Project("{9A19103F-16F7-4668-BE54-9A1E7A4F7556}") = "Chapter06-08", "Metanit.com\Руководство по ASP.NET Core 8\Глава 06 - Кофигурация\Chapter06-08\Chapter06-08.csproj", "{A42BDC45-5FCD-43B5-945F-111135949ED0}"
EndProject
Project("{2150E333-8FDC-42A3-9474-1A3956D46DE8}") = "Глава 01 - Введение в ASP.NET Core", "Глава 01 - Введение в ASP.NET Core", "{15150E38-4EBB-4777-8318-8EF1BA17310C}"
	ProjectSection(SolutionItems) = preProject
		Metanit.com\Руководство по ASP.NET Core 8\Глава 01 - Введение в ASP.NET Core\Страница 01 - Что такое ASP.NET Core.txt = Metanit.com\Руководство по ASP.NET Core 8\Глава 01 - Введение в ASP.NET Core\Страница 01 - Что такое ASP.NET Core.txt
		Metanit.com\Руководство по ASP.NET Core 8\Глава 01 - Введение в ASP.NET Core\Страница 02 - Основы в ASP.NET Core.txt = Metanit.com\Руководство по ASP.NET Core 8\Глава 01 - Введение в ASP.NET Core\Страница 02 - Основы в ASP.NET Core.txt
		Metanit.com\Руководство по ASP.NET Core 8\Глава 01 - Введение в ASP.NET Core\Страница 03 - Первое приложение в Visual Studio.txt = Metanit.com\Руководство по ASP.NET Core 8\Глава 01 - Введение в ASP.NET Core\Страница 03 - Первое приложение в Visual Studio.txt
	EndProjectSection
EndProject
Project("{2150E333-8FDC-42A3-9474-1A3956D46DE8}") = "helloapp", "helloapp", "{1887A977-E4CC-49B9-9CD2-84A25BF6D95C}"
EndProject
Project("{9A19103F-16F7-4668-BE54-9A1E7A4F7556}") = "helloapp", "Metanit.com\Руководство по ASP.NET Core 8\Глава 01 - Введение в ASP.NET Core\helloapp\helloapp.csproj", "{7F2F8053-2DF5-4917-B19D-85FA82B48BD2}"
EndProject
Project("{2150E333-8FDC-42A3-9474-1A3956D46DE8}") = "Глава 02 - Основы в ASP.NET Core", "Глава 02 - Основы в ASP.NET Core", "{7655687B-9A51-4272-BB15-A16578D31AEC}"
	ProjectSection(SolutionItems) = preProject
		Metanit.com\Руководство по ASP.NET Core 8\Глава 02 - Основы в ASP.NET Core\Страница 01 - Создание и запуск приложения.txt = Metanit.com\Руководство по ASP.NET Core 8\Глава 02 - Основы в ASP.NET Core\Страница 01 - Создание и запуск приложения.txt
		Metanit.com\Руководство по ASP.NET Core 8\Глава 02 - Основы в ASP.NET Core\Страница 02 - Конвейер обработки запроса и middleware.txt = Metanit.com\Руководство по ASP.NET Core 8\Глава 02 - Основы в ASP.NET Core\Страница 02 - Конвейер обработки запроса и middleware.txt
		Metanit.com\Руководство по ASP.NET Core 8\Глава 02 - Основы в ASP.NET Core\Страница 03 - Метод Run и определение терминального middleware.txt = Metanit.com\Руководство по ASP.NET Core 8\Глава 02 - Основы в ASP.NET Core\Страница 03 - Метод Run и определение терминального middleware.txt
		Metanit.com\Руководство по ASP.NET Core 8\Глава 02 - Основы в ASP.NET Core\Страница 04 - HttpResponse. Отправка ответа.txt = Metanit.com\Руководство по ASP.NET Core 8\Глава 02 - Основы в ASP.NET Core\Страница 04 - HttpResponse. Отправка ответа.txt
		Metanit.com\Руководство по ASP.NET Core 8\Глава 02 - Основы в ASP.NET Core\Страница 05 - HttpRequest. Получение данных запроса.txt = Metanit.com\Руководство по ASP.NET Core 8\Глава 02 - Основы в ASP.NET Core\Страница 05 - HttpRequest. Получение данных запроса.txt
		Metanit.com\Руководство по ASP.NET Core 8\Глава 02 - Основы в ASP.NET Core\Страница 06 - Отправка файлов.txt = Metanit.com\Руководство по ASP.NET Core 8\Глава 02 - Основы в ASP.NET Core\Страница 06 - Отправка файлов.txt
	EndProjectSection
EndProject
Project("{9A19103F-16F7-4668-BE54-9A1E7A4F7556}") = "WelcomePage", "Metanit.com\Руководство по ASP.NET Core 8\Глава 02 - Основы в ASP.NET Core\WelcomePage\WelcomePage.csproj", "{0D129FE2-4040-449E-8862-BCA9892D384D}"
EndProject
Project("{2150E333-8FDC-42A3-9474-1A3956D46DE8}") = "SandBox", "SandBox", "{2839ED17-8389-4025-89A0-AA0947B1FE53}"
EndProject
Project("{9A19103F-16F7-4668-BE54-9A1E7A4F7556}") = "BlazorApp", "Sandbox\BlazorApp\BlazorApp.csproj", "{E2D0501D-86BA-4DCF-B1CC-D6767C7ED7A7}"
EndProject
Project("{9A19103F-16F7-4668-BE54-9A1E7A4F7556}") = "Run", "Metanit.com\Руководство по ASP.NET Core 8\Глава 02 - Основы в ASP.NET Core\Run\Run.csproj", "{E575C154-F24F-4F35-A2B6-722738A8AC62}"
EndProject
Project("{9A19103F-16F7-4668-BE54-9A1E7A4F7556}") = "HeadersProperty", "Metanit.com\Руководство по ASP.NET Core 8\Глава 02 - Основы в ASP.NET Core\HeadersProperty\HeadersProperty.csproj", "{64DAAD68-7B15-4FB6-B291-F189C9DE366C}"
EndProject
Project("{2150E333-8FDC-42A3-9474-1A3956D46DE8}") = "Let’s Encrypt on IIS", "Let’s Encrypt on IIS", "{DA2EED98-8A3A-4440-9E6A-104C25AF5ED2}"
	ProjectSection(SolutionItems) = preProject
		Let’s Encrypt on IIS\Let’s Encrypt on IIS.txt = Let’s Encrypt on IIS\Let’s Encrypt on IIS.txt
	EndProjectSection
EndProject
Project("{9A19103F-16F7-4668-BE54-9A1E7A4F7556}") = "SendFile", "Metanit.com\Руководство по ASP.NET Core 8\Глава 02 - Основы в ASP.NET Core\SendFile\SendFile.csproj", "{3B04411B-B2C6-404F-A47B-64B7BE36711A}"
EndProject
Project("{2150E333-8FDC-42A3-9474-1A3956D46DE8}") = "Adam Freeman ProAspNetCore7", "Adam Freeman ProAspNetCore7", "{4EC0CE4B-CB37-4694-B1E5-0C005C8653C1}"
	ProjectSection(SolutionItems) = preProject
		Adam Freeman ProAspNetCore7\Freeman  Adam - Pro ASP.NET Core 7, 10th Edition - 2023.pdf = Adam Freeman ProAspNetCore7\Freeman  Adam - Pro ASP.NET Core 7, 10th Edition - 2023.pdf
	EndProjectSection
EndProject
Project("{2150E333-8FDC-42A3-9474-1A3956D46DE8}") = "Chapter-01-Putting ASP.NET Core in Context", "Chapter-01-Putting ASP.NET Core in Context", "{B00B94CD-E5CC-4AC8-BF11-1F9951E9D27D}"
	ProjectSection(SolutionItems) = preProject
		Adam Freeman ProAspNetCore7\Chapter-01-Putting ASP.NET Core in Context\Page001.txt = Adam Freeman ProAspNetCore7\Chapter-01-Putting ASP.NET Core in Context\Page001.txt
		Adam Freeman ProAspNetCore7\Chapter-01-Putting ASP.NET Core in Context\Page002.txt = Adam Freeman ProAspNetCore7\Chapter-01-Putting ASP.NET Core in Context\Page002.txt
		Adam Freeman ProAspNetCore7\Chapter-01-Putting ASP.NET Core in Context\Page003.txt = Adam Freeman ProAspNetCore7\Chapter-01-Putting ASP.NET Core in Context\Page003.txt
		Adam Freeman ProAspNetCore7\Chapter-01-Putting ASP.NET Core in Context\Page004.txt = Adam Freeman ProAspNetCore7\Chapter-01-Putting ASP.NET Core in Context\Page004.txt
		Adam Freeman ProAspNetCore7\Chapter-01-Putting ASP.NET Core in Context\Page005.txt = Adam Freeman ProAspNetCore7\Chapter-01-Putting ASP.NET Core in Context\Page005.txt
		Adam Freeman ProAspNetCore7\Chapter-01-Putting ASP.NET Core in Context\Page006.txt = Adam Freeman ProAspNetCore7\Chapter-01-Putting ASP.NET Core in Context\Page006.txt
		Adam Freeman ProAspNetCore7\Chapter-01-Putting ASP.NET Core in Context\Page007.txt = Adam Freeman ProAspNetCore7\Chapter-01-Putting ASP.NET Core in Context\Page007.txt
		Adam Freeman ProAspNetCore7\Chapter-01-Putting ASP.NET Core in Context\Page008.txt = Adam Freeman ProAspNetCore7\Chapter-01-Putting ASP.NET Core in Context\Page008.txt
		Adam Freeman ProAspNetCore7\Chapter-01-Putting ASP.NET Core in Context\Page009.txt = Adam Freeman ProAspNetCore7\Chapter-01-Putting ASP.NET Core in Context\Page009.txt
	EndProjectSection
EndProject
Project("{2150E333-8FDC-42A3-9474-1A3956D46DE8}") = "Chapter-02-Getting Started", "Chapter-02-Getting Started", "{BF8B993E-FB35-4F65-9155-4D3F8B5DCA78}"
	ProjectSection(SolutionItems) = preProject
		Adam Freeman ProAspNetCore7\Chapter-02-Getting Started\Page013.txt = Adam Freeman ProAspNetCore7\Chapter-02-Getting Started\Page013.txt
		Adam Freeman ProAspNetCore7\Chapter-02-Getting Started\page014.txt = Adam Freeman ProAspNetCore7\Chapter-02-Getting Started\page014.txt
		Adam Freeman ProAspNetCore7\Chapter-02-Getting Started\Page015.txt = Adam Freeman ProAspNetCore7\Chapter-02-Getting Started\Page015.txt
		Adam Freeman ProAspNetCore7\Chapter-02-Getting Started\Page016.txt = Adam Freeman ProAspNetCore7\Chapter-02-Getting Started\Page016.txt
		Adam Freeman ProAspNetCore7\Chapter-02-Getting Started\Page017.txt = Adam Freeman ProAspNetCore7\Chapter-02-Getting Started\Page017.txt
		Adam Freeman ProAspNetCore7\Chapter-02-Getting Started\Page018.txt = Adam Freeman ProAspNetCore7\Chapter-02-Getting Started\Page018.txt
		Adam Freeman ProAspNetCore7\Chapter-02-Getting Started\Page019.txt = Adam Freeman ProAspNetCore7\Chapter-02-Getting Started\Page019.txt
		Adam Freeman ProAspNetCore7\Chapter-02-Getting Started\Page020.txt = Adam Freeman ProAspNetCore7\Chapter-02-Getting Started\Page020.txt
		Adam Freeman ProAspNetCore7\Chapter-02-Getting Started\Page021.txt = Adam Freeman ProAspNetCore7\Chapter-02-Getting Started\Page021.txt
		Adam Freeman ProAspNetCore7\Chapter-02-Getting Started\Page022.txt = Adam Freeman ProAspNetCore7\Chapter-02-Getting Started\Page022.txt
		Adam Freeman ProAspNetCore7\Chapter-02-Getting Started\Page023.txt = Adam Freeman ProAspNetCore7\Chapter-02-Getting Started\Page023.txt
		Adam Freeman ProAspNetCore7\Chapter-02-Getting Started\Page024.txt = Adam Freeman ProAspNetCore7\Chapter-02-Getting Started\Page024.txt
		Adam Freeman ProAspNetCore7\Chapter-02-Getting Started\Page025.txt = Adam Freeman ProAspNetCore7\Chapter-02-Getting Started\Page025.txt
		Adam Freeman ProAspNetCore7\Chapter-02-Getting Started\Page026.txt = Adam Freeman ProAspNetCore7\Chapter-02-Getting Started\Page026.txt
		Adam Freeman ProAspNetCore7\Chapter-02-Getting Started\Page027.txt = Adam Freeman ProAspNetCore7\Chapter-02-Getting Started\Page027.txt
		Adam Freeman ProAspNetCore7\Chapter-02-Getting Started\Page028.txt = Adam Freeman ProAspNetCore7\Chapter-02-Getting Started\Page028.txt
		Adam Freeman ProAspNetCore7\Chapter-02-Getting Started\Page029.txt = Adam Freeman ProAspNetCore7\Chapter-02-Getting Started\Page029.txt
		Adam Freeman ProAspNetCore7\Chapter-02-Getting Started\Page030.txt = Adam Freeman ProAspNetCore7\Chapter-02-Getting Started\Page030.txt
	EndProjectSection
EndProject
Project("{2150E333-8FDC-42A3-9474-1A3956D46DE8}") = "Chapter-03-Your First ASP.NET Core", "Chapter-03-Your First ASP.NET Core", "{4AC5BE06-12CD-46D5-B24D-E85F318A51CB}"
	ProjectSection(SolutionItems) = preProject
		Adam Freeman ProAspNetCore7\Chapter-03-Your First ASP.NET Core\Page031.txt = Adam Freeman ProAspNetCore7\Chapter-03-Your First ASP.NET Core\Page031.txt
		Adam Freeman ProAspNetCore7\Chapter-03-Your First ASP.NET Core\Page032.txt = Adam Freeman ProAspNetCore7\Chapter-03-Your First ASP.NET Core\Page032.txt
		Adam Freeman ProAspNetCore7\Chapter-03-Your First ASP.NET Core\Page033.txt = Adam Freeman ProAspNetCore7\Chapter-03-Your First ASP.NET Core\Page033.txt
		Adam Freeman ProAspNetCore7\Chapter-03-Your First ASP.NET Core\Page034.txt = Adam Freeman ProAspNetCore7\Chapter-03-Your First ASP.NET Core\Page034.txt
		Adam Freeman ProAspNetCore7\Chapter-03-Your First ASP.NET Core\Page035.txt = Adam Freeman ProAspNetCore7\Chapter-03-Your First ASP.NET Core\Page035.txt
		Adam Freeman ProAspNetCore7\Chapter-03-Your First ASP.NET Core\Page036.txt = Adam Freeman ProAspNetCore7\Chapter-03-Your First ASP.NET Core\Page036.txt
		Adam Freeman ProAspNetCore7\Chapter-03-Your First ASP.NET Core\Page037.txt = Adam Freeman ProAspNetCore7\Chapter-03-Your First ASP.NET Core\Page037.txt
		Adam Freeman ProAspNetCore7\Chapter-03-Your First ASP.NET Core\Page038.txt = Adam Freeman ProAspNetCore7\Chapter-03-Your First ASP.NET Core\Page038.txt
		Adam Freeman ProAspNetCore7\Chapter-03-Your First ASP.NET Core\Page039.txt = Adam Freeman ProAspNetCore7\Chapter-03-Your First ASP.NET Core\Page039.txt
		Adam Freeman ProAspNetCore7\Chapter-03-Your First ASP.NET Core\Page040.txt = Adam Freeman ProAspNetCore7\Chapter-03-Your First ASP.NET Core\Page040.txt
		Adam Freeman ProAspNetCore7\Chapter-03-Your First ASP.NET Core\Page041.txt = Adam Freeman ProAspNetCore7\Chapter-03-Your First ASP.NET Core\Page041.txt
		Adam Freeman ProAspNetCore7\Chapter-03-Your First ASP.NET Core\Page042.txt = Adam Freeman ProAspNetCore7\Chapter-03-Your First ASP.NET Core\Page042.txt
		Adam Freeman ProAspNetCore7\Chapter-03-Your First ASP.NET Core\Page043.txt = Adam Freeman ProAspNetCore7\Chapter-03-Your First ASP.NET Core\Page043.txt
		Adam Freeman ProAspNetCore7\Chapter-03-Your First ASP.NET Core\Page044.txt = Adam Freeman ProAspNetCore7\Chapter-03-Your First ASP.NET Core\Page044.txt
		Adam Freeman ProAspNetCore7\Chapter-03-Your First ASP.NET Core\Page045.txt = Adam Freeman ProAspNetCore7\Chapter-03-Your First ASP.NET Core\Page045.txt
		Adam Freeman ProAspNetCore7\Chapter-03-Your First ASP.NET Core\Page046.txt = Adam Freeman ProAspNetCore7\Chapter-03-Your First ASP.NET Core\Page046.txt
		Adam Freeman ProAspNetCore7\Chapter-03-Your First ASP.NET Core\Page047.txt = Adam Freeman ProAspNetCore7\Chapter-03-Your First ASP.NET Core\Page047.txt
		Adam Freeman ProAspNetCore7\Chapter-03-Your First ASP.NET Core\Page048.txt = Adam Freeman ProAspNetCore7\Chapter-03-Your First ASP.NET Core\Page048.txt
		Adam Freeman ProAspNetCore7\Chapter-03-Your First ASP.NET Core\Page049.txt = Adam Freeman ProAspNetCore7\Chapter-03-Your First ASP.NET Core\Page049.txt
		Adam Freeman ProAspNetCore7\Chapter-03-Your First ASP.NET Core\Page050.txt = Adam Freeman ProAspNetCore7\Chapter-03-Your First ASP.NET Core\Page050.txt
		Adam Freeman ProAspNetCore7\Chapter-03-Your First ASP.NET Core\Page051.txt = Adam Freeman ProAspNetCore7\Chapter-03-Your First ASP.NET Core\Page051.txt
		Adam Freeman ProAspNetCore7\Chapter-03-Your First ASP.NET Core\Page052.txt = Adam Freeman ProAspNetCore7\Chapter-03-Your First ASP.NET Core\Page052.txt
		Adam Freeman ProAspNetCore7\Chapter-03-Your First ASP.NET Core\Page053.txt = Adam Freeman ProAspNetCore7\Chapter-03-Your First ASP.NET Core\Page053.txt
		Adam Freeman ProAspNetCore7\Chapter-03-Your First ASP.NET Core\Page054.txt = Adam Freeman ProAspNetCore7\Chapter-03-Your First ASP.NET Core\Page054.txt
		Adam Freeman ProAspNetCore7\Chapter-03-Your First ASP.NET Core\Page055.txt = Adam Freeman ProAspNetCore7\Chapter-03-Your First ASP.NET Core\Page055.txt
		Adam Freeman ProAspNetCore7\Chapter-03-Your First ASP.NET Core\Page056.txt = Adam Freeman ProAspNetCore7\Chapter-03-Your First ASP.NET Core\Page056.txt
		Adam Freeman ProAspNetCore7\Chapter-03-Your First ASP.NET Core\Page057.txt = Adam Freeman ProAspNetCore7\Chapter-03-Your First ASP.NET Core\Page057.txt
	EndProjectSection
EndProject
Project("{9A19103F-16F7-4668-BE54-9A1E7A4F7556}") = "FirstProject", "Adam Freeman ProAspNetCore7\Chapter-02-Getting Started\FirstProject\FirstProject.csproj", "{7F21E64B-C3D5-4105-9333-3F18FA10B1A3}"
EndProject
Project("{9A19103F-16F7-4668-BE54-9A1E7A4F7556}") = "PartyInvites", "Adam Freeman ProAspNetCore7\Chapter-03-Your First ASP.NET Core\PartyInvites\PartyInvites.csproj", "{C455B081-BE62-4D0F-A160-6E1AA6F8227B}"
EndProject
Project("{2150E333-8FDC-42A3-9474-1A3956D46DE8}") = "Chapter-04-Using the Development Tools", "Chapter-04-Using the Development Tools", "{0317D279-EAA1-4C69-B4E8-5E3D096AD887}"
	ProjectSection(SolutionItems) = preProject
		Adam Freeman ProAspNetCore7\Chapter-04-Using the Development Tools\Page058.txt = Adam Freeman ProAspNetCore7\Chapter-04-Using the Development Tools\Page058.txt
		Adam Freeman ProAspNetCore7\Chapter-04-Using the Development Tools\Page059.txt = Adam Freeman ProAspNetCore7\Chapter-04-Using the Development Tools\Page059.txt
		Adam Freeman ProAspNetCore7\Chapter-04-Using the Development Tools\Page060.txt = Adam Freeman ProAspNetCore7\Chapter-04-Using the Development Tools\Page060.txt
		Adam Freeman ProAspNetCore7\Chapter-04-Using the Development Tools\Page061.txt = Adam Freeman ProAspNetCore7\Chapter-04-Using the Development Tools\Page061.txt
		Adam Freeman ProAspNetCore7\Chapter-04-Using the Development Tools\Page062.txt = Adam Freeman ProAspNetCore7\Chapter-04-Using the Development Tools\Page062.txt
		Adam Freeman ProAspNetCore7\Chapter-04-Using the Development Tools\Page063.txt = Adam Freeman ProAspNetCore7\Chapter-04-Using the Development Tools\Page063.txt
		Adam Freeman ProAspNetCore7\Chapter-04-Using the Development Tools\Page064.txt = Adam Freeman ProAspNetCore7\Chapter-04-Using the Development Tools\Page064.txt
		Adam Freeman ProAspNetCore7\Chapter-04-Using the Development Tools\Page065.txt = Adam Freeman ProAspNetCore7\Chapter-04-Using the Development Tools\Page065.txt
		Adam Freeman ProAspNetCore7\Chapter-04-Using the Development Tools\Page066.txt = Adam Freeman ProAspNetCore7\Chapter-04-Using the Development Tools\Page066.txt
		Adam Freeman ProAspNetCore7\Chapter-04-Using the Development Tools\Page067.txt = Adam Freeman ProAspNetCore7\Chapter-04-Using the Development Tools\Page067.txt
		Adam Freeman ProAspNetCore7\Chapter-04-Using the Development Tools\Page068.txt = Adam Freeman ProAspNetCore7\Chapter-04-Using the Development Tools\Page068.txt
		Adam Freeman ProAspNetCore7\Chapter-04-Using the Development Tools\Page069.txt = Adam Freeman ProAspNetCore7\Chapter-04-Using the Development Tools\Page069.txt
		Adam Freeman ProAspNetCore7\Chapter-04-Using the Development Tools\Page070.txt = Adam Freeman ProAspNetCore7\Chapter-04-Using the Development Tools\Page070.txt
		Adam Freeman ProAspNetCore7\Chapter-04-Using the Development Tools\Page071.txt = Adam Freeman ProAspNetCore7\Chapter-04-Using the Development Tools\Page071.txt
		Adam Freeman ProAspNetCore7\Chapter-04-Using the Development Tools\Page072.txt = Adam Freeman ProAspNetCore7\Chapter-04-Using the Development Tools\Page072.txt
	EndProjectSection
EndProject
Project("{9A19103F-16F7-4668-BE54-9A1E7A4F7556}") = "MyProject", "Adam Freeman ProAspNetCore7\Chapter-04-Using the Development Tools\MyProject\MyProject.csproj", "{49D31A84-916F-435D-ABFF-DE0E3E2CB155}"
EndProject
Project("{2150E333-8FDC-42A3-9474-1A3956D46DE8}") = "Chapter-05-Essential C# Features", "Chapter-05-Essential C# Features", "{EE734E7C-4567-46C3-8831-0D8A4D433A40}"
	ProjectSection(SolutionItems) = preProject
		Adam Freeman ProAspNetCore7\Chapter-05-Essential C# Features\Page073.txt = Adam Freeman ProAspNetCore7\Chapter-05-Essential C# Features\Page073.txt
		Adam Freeman ProAspNetCore7\Chapter-05-Essential C# Features\Page074.txt = Adam Freeman ProAspNetCore7\Chapter-05-Essential C# Features\Page074.txt
		Adam Freeman ProAspNetCore7\Chapter-05-Essential C# Features\Page075.txt = Adam Freeman ProAspNetCore7\Chapter-05-Essential C# Features\Page075.txt
		Adam Freeman ProAspNetCore7\Chapter-05-Essential C# Features\Page076.txt = Adam Freeman ProAspNetCore7\Chapter-05-Essential C# Features\Page076.txt
		Adam Freeman ProAspNetCore7\Chapter-05-Essential C# Features\Page077.txt = Adam Freeman ProAspNetCore7\Chapter-05-Essential C# Features\Page077.txt
		Adam Freeman ProAspNetCore7\Chapter-05-Essential C# Features\Page078.txt = Adam Freeman ProAspNetCore7\Chapter-05-Essential C# Features\Page078.txt
		Adam Freeman ProAspNetCore7\Chapter-05-Essential C# Features\Page079.txt = Adam Freeman ProAspNetCore7\Chapter-05-Essential C# Features\Page079.txt
		Adam Freeman ProAspNetCore7\Chapter-05-Essential C# Features\Page080.txt = Adam Freeman ProAspNetCore7\Chapter-05-Essential C# Features\Page080.txt
		Adam Freeman ProAspNetCore7\Chapter-05-Essential C# Features\Page081.txt = Adam Freeman ProAspNetCore7\Chapter-05-Essential C# Features\Page081.txt
		Adam Freeman ProAspNetCore7\Chapter-05-Essential C# Features\Page082.txt = Adam Freeman ProAspNetCore7\Chapter-05-Essential C# Features\Page082.txt
		Adam Freeman ProAspNetCore7\Chapter-05-Essential C# Features\Page083.txt = Adam Freeman ProAspNetCore7\Chapter-05-Essential C# Features\Page083.txt
		Adam Freeman ProAspNetCore7\Chapter-05-Essential C# Features\Page084.txt = Adam Freeman ProAspNetCore7\Chapter-05-Essential C# Features\Page084.txt
		Adam Freeman ProAspNetCore7\Chapter-05-Essential C# Features\Page085.txt = Adam Freeman ProAspNetCore7\Chapter-05-Essential C# Features\Page085.txt
		Adam Freeman ProAspNetCore7\Chapter-05-Essential C# Features\Page086.txt = Adam Freeman ProAspNetCore7\Chapter-05-Essential C# Features\Page086.txt
		Adam Freeman ProAspNetCore7\Chapter-05-Essential C# Features\Page087.txt = Adam Freeman ProAspNetCore7\Chapter-05-Essential C# Features\Page087.txt
		Adam Freeman ProAspNetCore7\Chapter-05-Essential C# Features\Page088.txt = Adam Freeman ProAspNetCore7\Chapter-05-Essential C# Features\Page088.txt
		Adam Freeman ProAspNetCore7\Chapter-05-Essential C# Features\Page089.txt = Adam Freeman ProAspNetCore7\Chapter-05-Essential C# Features\Page089.txt
		Adam Freeman ProAspNetCore7\Chapter-05-Essential C# Features\Page090.txt = Adam Freeman ProAspNetCore7\Chapter-05-Essential C# Features\Page090.txt
		Adam Freeman ProAspNetCore7\Chapter-05-Essential C# Features\Page091.txt = Adam Freeman ProAspNetCore7\Chapter-05-Essential C# Features\Page091.txt
		Adam Freeman ProAspNetCore7\Chapter-05-Essential C# Features\Page092.txt = Adam Freeman ProAspNetCore7\Chapter-05-Essential C# Features\Page092.txt
		Adam Freeman ProAspNetCore7\Chapter-05-Essential C# Features\Page093.txt = Adam Freeman ProAspNetCore7\Chapter-05-Essential C# Features\Page093.txt
		Adam Freeman ProAspNetCore7\Chapter-05-Essential C# Features\Page094.txt = Adam Freeman ProAspNetCore7\Chapter-05-Essential C# Features\Page094.txt
		Adam Freeman ProAspNetCore7\Chapter-05-Essential C# Features\Page095.txt = Adam Freeman ProAspNetCore7\Chapter-05-Essential C# Features\Page095.txt
		Adam Freeman ProAspNetCore7\Chapter-05-Essential C# Features\Page096.txt = Adam Freeman ProAspNetCore7\Chapter-05-Essential C# Features\Page096.txt
		Adam Freeman ProAspNetCore7\Chapter-05-Essential C# Features\Page097.txt = Adam Freeman ProAspNetCore7\Chapter-05-Essential C# Features\Page097.txt
		Adam Freeman ProAspNetCore7\Chapter-05-Essential C# Features\Page098.txt = Adam Freeman ProAspNetCore7\Chapter-05-Essential C# Features\Page098.txt
		Adam Freeman ProAspNetCore7\Chapter-05-Essential C# Features\Page099.txt = Adam Freeman ProAspNetCore7\Chapter-05-Essential C# Features\Page099.txt
		Adam Freeman ProAspNetCore7\Chapter-05-Essential C# Features\Page100.txt = Adam Freeman ProAspNetCore7\Chapter-05-Essential C# Features\Page100.txt
		Adam Freeman ProAspNetCore7\Chapter-05-Essential C# Features\Page101.txt = Adam Freeman ProAspNetCore7\Chapter-05-Essential C# Features\Page101.txt
		Adam Freeman ProAspNetCore7\Chapter-05-Essential C# Features\Page102.txt = Adam Freeman ProAspNetCore7\Chapter-05-Essential C# Features\Page102.txt
		Adam Freeman ProAspNetCore7\Chapter-05-Essential C# Features\Page103.txt = Adam Freeman ProAspNetCore7\Chapter-05-Essential C# Features\Page103.txt
		Adam Freeman ProAspNetCore7\Chapter-05-Essential C# Features\Page104.txt = Adam Freeman ProAspNetCore7\Chapter-05-Essential C# Features\Page104.txt
		Adam Freeman ProAspNetCore7\Chapter-05-Essential C# Features\Page105.txt = Adam Freeman ProAspNetCore7\Chapter-05-Essential C# Features\Page105.txt
		Adam Freeman ProAspNetCore7\Chapter-05-Essential C# Features\Page106.txt = Adam Freeman ProAspNetCore7\Chapter-05-Essential C# Features\Page106.txt
		Adam Freeman ProAspNetCore7\Chapter-05-Essential C# Features\Page107.txt = Adam Freeman ProAspNetCore7\Chapter-05-Essential C# Features\Page107.txt
		Adam Freeman ProAspNetCore7\Chapter-05-Essential C# Features\Page108.txt = Adam Freeman ProAspNetCore7\Chapter-05-Essential C# Features\Page108.txt
		Adam Freeman ProAspNetCore7\Chapter-05-Essential C# Features\Page109.txt = Adam Freeman ProAspNetCore7\Chapter-05-Essential C# Features\Page109.txt
		Adam Freeman ProAspNetCore7\Chapter-05-Essential C# Features\Page110.txt = Adam Freeman ProAspNetCore7\Chapter-05-Essential C# Features\Page110.txt
		Adam Freeman ProAspNetCore7\Chapter-05-Essential C# Features\Page111.txt = Adam Freeman ProAspNetCore7\Chapter-05-Essential C# Features\Page111.txt
	EndProjectSection
EndProject
Project("{9A19103F-16F7-4668-BE54-9A1E7A4F7556}") = "LanguageFeatures", "Adam Freeman ProAspNetCore7\Chapter-05-Essential C# Features\LanguageFeatures\LanguageFeatures.csproj", "{3332E26C-BE19-44D1-885D-5DC17493ED3F}"
EndProject
Project("{2150E333-8FDC-42A3-9474-1A3956D46DE8}") = "C# 13", "C# 13", "{2232B0C1-252D-4176-ABFE-47FB87FD140B}"
EndProject
Project("{2150E333-8FDC-42A3-9474-1A3956D46DE8}") = "Глава 10 - Коллекции", "Глава 10 - Коллекции", "{4B8C2613-A4B0-4E00-8216-2639A43ABEF9}"
	ProjectSection(SolutionItems) = preProject
		Metanit.com\C# 13\Глава 10 - Коллекции\Page07 - Интерфейсы IEnumerable и IEnumerator.txt = Metanit.com\C# 13\Глава 10 - Коллекции\Page07 - Интерфейсы IEnumerable и IEnumerator.txt
		Metanit.com\C# 13\Глава 10 - Коллекции\Page08 - Итераторы и оператор yield.txt = Metanit.com\C# 13\Глава 10 - Коллекции\Page08 - Итераторы и оператор yield.txt
	EndProjectSection
EndProject
Project("{FAE04EC0-301F-11D3-BF4B-00C04F79EFBC}") = "Page07", "Metanit.com\C# 13\Глава 10 - Коллекции\Page07\Page07.csproj", "{95265512-084A-4787-9D23-58818F87C926}"
EndProject
Project("{FAE04EC0-301F-11D3-BF4B-00C04F79EFBC}") = "Page08", "Metanit.com\C# 13\Глава 10 - Коллекции\Page08\Page08.csproj", "{E6600BCE-7D33-4770-8F29-C54CD24A37B3}"
EndProject
Global
	GlobalSection(SolutionConfigurationPlatforms) = preSolution
		Debug|Any CPU = Debug|Any CPU
		Release|Any CPU = Release|Any CPU
	EndGlobalSection
	GlobalSection(ProjectConfigurationPlatforms) = postSolution
		{05F99654-47F2-44B3-9DB4-86301D51EC05}.Debug|Any CPU.ActiveCfg = Debug|Any CPU
		{05F99654-47F2-44B3-9DB4-86301D51EC05}.Debug|Any CPU.Build.0 = Debug|Any CPU
		{05F99654-47F2-44B3-9DB4-86301D51EC05}.Release|Any CPU.ActiveCfg = Release|Any CPU
		{05F99654-47F2-44B3-9DB4-86301D51EC05}.Release|Any CPU.Build.0 = Release|Any CPU
		{9BC852D7-EF45-41F8-B6D5-417CC3938DBE}.Debug|Any CPU.ActiveCfg = Debug|Any CPU
		{9BC852D7-EF45-41F8-B6D5-417CC3938DBE}.Debug|Any CPU.Build.0 = Debug|Any CPU
		{9BC852D7-EF45-41F8-B6D5-417CC3938DBE}.Release|Any CPU.ActiveCfg = Release|Any CPU
		{9BC852D7-EF45-41F8-B6D5-417CC3938DBE}.Release|Any CPU.Build.0 = Release|Any CPU
		{ECFB151D-1304-4946-9E2F-AEA1AE299139}.Debug|Any CPU.ActiveCfg = Debug|Any CPU
		{ECFB151D-1304-4946-9E2F-AEA1AE299139}.Debug|Any CPU.Build.0 = Debug|Any CPU
		{ECFB151D-1304-4946-9E2F-AEA1AE299139}.Release|Any CPU.ActiveCfg = Release|Any CPU
		{ECFB151D-1304-4946-9E2F-AEA1AE299139}.Release|Any CPU.Build.0 = Release|Any CPU
		{610E8A56-5298-427E-86CB-F1BE66E2B7AF}.Debug|Any CPU.ActiveCfg = Debug|Any CPU
		{610E8A56-5298-427E-86CB-F1BE66E2B7AF}.Debug|Any CPU.Build.0 = Debug|Any CPU
		{610E8A56-5298-427E-86CB-F1BE66E2B7AF}.Release|Any CPU.ActiveCfg = Debug|Any CPU
		{610E8A56-5298-427E-86CB-F1BE66E2B7AF}.Release|Any CPU.Build.0 = Debug|Any CPU
		{60E96745-39DE-41ED-A414-E8E342652ADC}.Debug|Any CPU.ActiveCfg = Debug|Any CPU
		{60E96745-39DE-41ED-A414-E8E342652ADC}.Debug|Any CPU.Build.0 = Debug|Any CPU
		{60E96745-39DE-41ED-A414-E8E342652ADC}.Release|Any CPU.ActiveCfg = Release|Any CPU
		{60E96745-39DE-41ED-A414-E8E342652ADC}.Release|Any CPU.Build.0 = Release|Any CPU
		{2F346098-6647-4B8E-BA89-F74E5EEEA7CF}.Debug|Any CPU.ActiveCfg = Debug|Any CPU
		{2F346098-6647-4B8E-BA89-F74E5EEEA7CF}.Debug|Any CPU.Build.0 = Debug|Any CPU
		{2F346098-6647-4B8E-BA89-F74E5EEEA7CF}.Release|Any CPU.ActiveCfg = Release|Any CPU
		{2F346098-6647-4B8E-BA89-F74E5EEEA7CF}.Release|Any CPU.Build.0 = Release|Any CPU
		{90391051-10EE-4733-85D9-6B039E8B1354}.Debug|Any CPU.ActiveCfg = Debug|Any CPU
		{90391051-10EE-4733-85D9-6B039E8B1354}.Debug|Any CPU.Build.0 = Debug|Any CPU
		{90391051-10EE-4733-85D9-6B039E8B1354}.Release|Any CPU.ActiveCfg = Release|Any CPU
		{90391051-10EE-4733-85D9-6B039E8B1354}.Release|Any CPU.Build.0 = Release|Any CPU
		{FDD0A654-64F6-4C8E-8F35-1CD87EE5E8C1}.Debug|Any CPU.ActiveCfg = Debug|Any CPU
		{FDD0A654-64F6-4C8E-8F35-1CD87EE5E8C1}.Debug|Any CPU.Build.0 = Debug|Any CPU
		{FDD0A654-64F6-4C8E-8F35-1CD87EE5E8C1}.Release|Any CPU.ActiveCfg = Release|Any CPU
		{FDD0A654-64F6-4C8E-8F35-1CD87EE5E8C1}.Release|Any CPU.Build.0 = Release|Any CPU
		{FF128DD8-FF58-47B2-88D4-C07518B21B2A}.Debug|Any CPU.ActiveCfg = Debug|Any CPU
		{FF128DD8-FF58-47B2-88D4-C07518B21B2A}.Debug|Any CPU.Build.0 = Debug|Any CPU
		{FF128DD8-FF58-47B2-88D4-C07518B21B2A}.Release|Any CPU.ActiveCfg = Release|Any CPU
		{FF128DD8-FF58-47B2-88D4-C07518B21B2A}.Release|Any CPU.Build.0 = Release|Any CPU
		{508E3DCF-DA3C-467A-86AD-B409740874C5}.Debug|Any CPU.ActiveCfg = Debug|Any CPU
		{508E3DCF-DA3C-467A-86AD-B409740874C5}.Debug|Any CPU.Build.0 = Debug|Any CPU
		{508E3DCF-DA3C-467A-86AD-B409740874C5}.Release|Any CPU.ActiveCfg = Release|Any CPU
		{508E3DCF-DA3C-467A-86AD-B409740874C5}.Release|Any CPU.Build.0 = Release|Any CPU
		{0A03FEA8-9B33-4345-BE83-1F457397DCA0}.Debug|Any CPU.ActiveCfg = Debug|Any CPU
		{0A03FEA8-9B33-4345-BE83-1F457397DCA0}.Debug|Any CPU.Build.0 = Debug|Any CPU
		{0A03FEA8-9B33-4345-BE83-1F457397DCA0}.Release|Any CPU.ActiveCfg = Release|Any CPU
		{0A03FEA8-9B33-4345-BE83-1F457397DCA0}.Release|Any CPU.Build.0 = Release|Any CPU
		{A42BDC45-5FCD-43B5-945F-111135949ED0}.Debug|Any CPU.ActiveCfg = Debug|Any CPU
		{A42BDC45-5FCD-43B5-945F-111135949ED0}.Debug|Any CPU.Build.0 = Debug|Any CPU
		{A42BDC45-5FCD-43B5-945F-111135949ED0}.Release|Any CPU.ActiveCfg = Release|Any CPU
		{A42BDC45-5FCD-43B5-945F-111135949ED0}.Release|Any CPU.Build.0 = Release|Any CPU
		{7F2F8053-2DF5-4917-B19D-85FA82B48BD2}.Debug|Any CPU.ActiveCfg = Debug|Any CPU
		{7F2F8053-2DF5-4917-B19D-85FA82B48BD2}.Debug|Any CPU.Build.0 = Debug|Any CPU
		{7F2F8053-2DF5-4917-B19D-85FA82B48BD2}.Release|Any CPU.ActiveCfg = Release|Any CPU
		{7F2F8053-2DF5-4917-B19D-85FA82B48BD2}.Release|Any CPU.Build.0 = Release|Any CPU
		{0D129FE2-4040-449E-8862-BCA9892D384D}.Debug|Any CPU.ActiveCfg = Debug|Any CPU
		{0D129FE2-4040-449E-8862-BCA9892D384D}.Debug|Any CPU.Build.0 = Debug|Any CPU
		{0D129FE2-4040-449E-8862-BCA9892D384D}.Release|Any CPU.ActiveCfg = Release|Any CPU
		{0D129FE2-4040-449E-8862-BCA9892D384D}.Release|Any CPU.Build.0 = Release|Any CPU
		{E2D0501D-86BA-4DCF-B1CC-D6767C7ED7A7}.Debug|Any CPU.ActiveCfg = Debug|Any CPU
		{E2D0501D-86BA-4DCF-B1CC-D6767C7ED7A7}.Debug|Any CPU.Build.0 = Debug|Any CPU
		{E2D0501D-86BA-4DCF-B1CC-D6767C7ED7A7}.Release|Any CPU.ActiveCfg = Release|Any CPU
		{E2D0501D-86BA-4DCF-B1CC-D6767C7ED7A7}.Release|Any CPU.Build.0 = Release|Any CPU
		{E575C154-F24F-4F35-A2B6-722738A8AC62}.Debug|Any CPU.ActiveCfg = Debug|Any CPU
		{E575C154-F24F-4F35-A2B6-722738A8AC62}.Debug|Any CPU.Build.0 = Debug|Any CPU
		{E575C154-F24F-4F35-A2B6-722738A8AC62}.Release|Any CPU.ActiveCfg = Release|Any CPU
		{E575C154-F24F-4F35-A2B6-722738A8AC62}.Release|Any CPU.Build.0 = Release|Any CPU
		{64DAAD68-7B15-4FB6-B291-F189C9DE366C}.Debug|Any CPU.ActiveCfg = Debug|Any CPU
		{64DAAD68-7B15-4FB6-B291-F189C9DE366C}.Debug|Any CPU.Build.0 = Debug|Any CPU
		{64DAAD68-7B15-4FB6-B291-F189C9DE366C}.Release|Any CPU.ActiveCfg = Release|Any CPU
		{64DAAD68-7B15-4FB6-B291-F189C9DE366C}.Release|Any CPU.Build.0 = Release|Any CPU
		{3B04411B-B2C6-404F-A47B-64B7BE36711A}.Debug|Any CPU.ActiveCfg = Debug|Any CPU
		{3B04411B-B2C6-404F-A47B-64B7BE36711A}.Debug|Any CPU.Build.0 = Debug|Any CPU
		{3B04411B-B2C6-404F-A47B-64B7BE36711A}.Release|Any CPU.ActiveCfg = Release|Any CPU
		{3B04411B-B2C6-404F-A47B-64B7BE36711A}.Release|Any CPU.Build.0 = Release|Any CPU
		{7F21E64B-C3D5-4105-9333-3F18FA10B1A3}.Debug|Any CPU.ActiveCfg = Debug|Any CPU
		{7F21E64B-C3D5-4105-9333-3F18FA10B1A3}.Debug|Any CPU.Build.0 = Debug|Any CPU
		{7F21E64B-C3D5-4105-9333-3F18FA10B1A3}.Release|Any CPU.ActiveCfg = Release|Any CPU
		{7F21E64B-C3D5-4105-9333-3F18FA10B1A3}.Release|Any CPU.Build.0 = Release|Any CPU
		{C455B081-BE62-4D0F-A160-6E1AA6F8227B}.Debug|Any CPU.ActiveCfg = Debug|Any CPU
		{C455B081-BE62-4D0F-A160-6E1AA6F8227B}.Debug|Any CPU.Build.0 = Debug|Any CPU
		{C455B081-BE62-4D0F-A160-6E1AA6F8227B}.Release|Any CPU.ActiveCfg = Release|Any CPU
		{C455B081-BE62-4D0F-A160-6E1AA6F8227B}.Release|Any CPU.Build.0 = Release|Any CPU
		{49D31A84-916F-435D-ABFF-DE0E3E2CB155}.Debug|Any CPU.ActiveCfg = Debug|Any CPU
		{49D31A84-916F-435D-ABFF-DE0E3E2CB155}.Debug|Any CPU.Build.0 = Debug|Any CPU
		{49D31A84-916F-435D-ABFF-DE0E3E2CB155}.Release|Any CPU.ActiveCfg = Release|Any CPU
		{49D31A84-916F-435D-ABFF-DE0E3E2CB155}.Release|Any CPU.Build.0 = Release|Any CPU
		{3332E26C-BE19-44D1-885D-5DC17493ED3F}.Debug|Any CPU.ActiveCfg = Debug|Any CPU
		{3332E26C-BE19-44D1-885D-5DC17493ED3F}.Debug|Any CPU.Build.0 = Debug|Any CPU
		{3332E26C-BE19-44D1-885D-5DC17493ED3F}.Release|Any CPU.ActiveCfg = Release|Any CPU
		{3332E26C-BE19-44D1-885D-5DC17493ED3F}.Release|Any CPU.Build.0 = Release|Any CPU
		{95265512-084A-4787-9D23-58818F87C926}.Debug|Any CPU.ActiveCfg = Debug|Any CPU
		{95265512-084A-4787-9D23-58818F87C926}.Debug|Any CPU.Build.0 = Debug|Any CPU
		{95265512-084A-4787-9D23-58818F87C926}.Release|Any CPU.ActiveCfg = Release|Any CPU
		{95265512-084A-4787-9D23-58818F87C926}.Release|Any CPU.Build.0 = Release|Any CPU
		{E6600BCE-7D33-4770-8F29-C54CD24A37B3}.Debug|Any CPU.ActiveCfg = Debug|Any CPU
		{E6600BCE-7D33-4770-8F29-C54CD24A37B3}.Debug|Any CPU.Build.0 = Debug|Any CPU
		{E6600BCE-7D33-4770-8F29-C54CD24A37B3}.Release|Any CPU.ActiveCfg = Release|Any CPU
		{E6600BCE-7D33-4770-8F29-C54CD24A37B3}.Release|Any CPU.Build.0 = Release|Any CPU
	EndGlobalSection
	GlobalSection(SolutionProperties) = preSolution
		HideSolutionNode = FALSE
	EndGlobalSection
	GlobalSection(NestedProjects) = preSolution
		{C8B84BA2-BADB-48E9-9531-9A46B84E6934} = {903275A2-A9B0-43E1-A13C-A089F3E48289}
		{DD4DF3ED-7574-4ED0-9381-E72560BE7CF0} = {C8B84BA2-BADB-48E9-9531-9A46B84E6934}
		{60E96745-39DE-41ED-A414-E8E342652ADC} = {DD4DF3ED-7574-4ED0-9381-E72560BE7CF0}
		{2F346098-6647-4B8E-BA89-F74E5EEEA7CF} = {DD4DF3ED-7574-4ED0-9381-E72560BE7CF0}
		{90391051-10EE-4733-85D9-6B039E8B1354} = {DD4DF3ED-7574-4ED0-9381-E72560BE7CF0}
		{FDD0A654-64F6-4C8E-8F35-1CD87EE5E8C1} = {DD4DF3ED-7574-4ED0-9381-E72560BE7CF0}
		{FF128DD8-FF58-47B2-88D4-C07518B21B2A} = {DD4DF3ED-7574-4ED0-9381-E72560BE7CF0}
		{508E3DCF-DA3C-467A-86AD-B409740874C5} = {DD4DF3ED-7574-4ED0-9381-E72560BE7CF0}
		{0A03FEA8-9B33-4345-BE83-1F457397DCA0} = {DD4DF3ED-7574-4ED0-9381-E72560BE7CF0}
		{A42BDC45-5FCD-43B5-945F-111135949ED0} = {DD4DF3ED-7574-4ED0-9381-E72560BE7CF0}
		{15150E38-4EBB-4777-8318-8EF1BA17310C} = {C8B84BA2-BADB-48E9-9531-9A46B84E6934}
		{1887A977-E4CC-49B9-9CD2-84A25BF6D95C} = {15150E38-4EBB-4777-8318-8EF1BA17310C}
		{7F2F8053-2DF5-4917-B19D-85FA82B48BD2} = {1887A977-E4CC-49B9-9CD2-84A25BF6D95C}
		{7655687B-9A51-4272-BB15-A16578D31AEC} = {C8B84BA2-BADB-48E9-9531-9A46B84E6934}
		{0D129FE2-4040-449E-8862-BCA9892D384D} = {7655687B-9A51-4272-BB15-A16578D31AEC}
		{E2D0501D-86BA-4DCF-B1CC-D6767C7ED7A7} = {2839ED17-8389-4025-89A0-AA0947B1FE53}
		{E575C154-F24F-4F35-A2B6-722738A8AC62} = {7655687B-9A51-4272-BB15-A16578D31AEC}
		{64DAAD68-7B15-4FB6-B291-F189C9DE366C} = {7655687B-9A51-4272-BB15-A16578D31AEC}
		{3B04411B-B2C6-404F-A47B-64B7BE36711A} = {7655687B-9A51-4272-BB15-A16578D31AEC}
		{B00B94CD-E5CC-4AC8-BF11-1F9951E9D27D} = {4EC0CE4B-CB37-4694-B1E5-0C005C8653C1}
		{BF8B993E-FB35-4F65-9155-4D3F8B5DCA78} = {4EC0CE4B-CB37-4694-B1E5-0C005C8653C1}
		{4AC5BE06-12CD-46D5-B24D-E85F318A51CB} = {4EC0CE4B-CB37-4694-B1E5-0C005C8653C1}
		{7F21E64B-C3D5-4105-9333-3F18FA10B1A3} = {BF8B993E-FB35-4F65-9155-4D3F8B5DCA78}
		{C455B081-BE62-4D0F-A160-6E1AA6F8227B} = {4AC5BE06-12CD-46D5-B24D-E85F318A51CB}
		{0317D279-EAA1-4C69-B4E8-5E3D096AD887} = {4EC0CE4B-CB37-4694-B1E5-0C005C8653C1}
		{49D31A84-916F-435D-ABFF-DE0E3E2CB155} = {0317D279-EAA1-4C69-B4E8-5E3D096AD887}
		{EE734E7C-4567-46C3-8831-0D8A4D433A40} = {4EC0CE4B-CB37-4694-B1E5-0C005C8653C1}
		{3332E26C-BE19-44D1-885D-5DC17493ED3F} = {EE734E7C-4567-46C3-8831-0D8A4D433A40}
		{2232B0C1-252D-4176-ABFE-47FB87FD140B} = {903275A2-A9B0-43E1-A13C-A089F3E48289}
		{4B8C2613-A4B0-4E00-8216-2639A43ABEF9} = {2232B0C1-252D-4176-ABFE-47FB87FD140B}
		{95265512-084A-4787-9D23-58818F87C926} = {4B8C2613-A4B0-4E00-8216-2639A43ABEF9}
		{E6600BCE-7D33-4770-8F29-C54CD24A37B3} = {4B8C2613-A4B0-4E00-8216-2639A43ABEF9}
	EndGlobalSection
	GlobalSection(ExtensibilityGlobals) = postSolution
		SolutionGuid = {22722325-6FE3-4A44-9D6F-E82DEB2E6AFC}
	EndGlobalSection
EndGlobal
