
Microsoft Visual Studio Solution File, Format Version 12.00
# Visual Studio Version 17
VisualStudioVersion = 17.0.31903.59
MinimumVisualStudioVersion = 10.0.40219.1
Project("{9A19103F-16F7-4668-BE54-9A1E7A4F7556}") = "ShevkunenkoSite", "ShevkunenkoSite\ShevkunenkoSite.csproj", "{05F99654-47F2-44B3-9DB4-86301D51EC05}"
EndProject
Project("{9A19103F-16F7-4668-BE54-9A1E7A4F7556}") = "ShevkunenkoSite.Models", "ShevkunenkoSite.Models\ShevkunenkoSite.Models.csproj", "{9BC852D7-EF45-41F8-B6D5-417CC3938DBE}"
EndProject
Project("{9A19103F-16F7-4668-BE54-9A1E7A4F7556}") = "ShevkunenkoSite.Services", "ShevkunenkoSite.Services\ShevkunenkoSite.Services.csproj", "{ECFB151D-1304-4946-9E2F-AEA1AE299139}"
EndProject
Project("{E24C65DC-7377-472B-9ABA-BC803B73C61A}") = "shevkunenko.ru", "..\shevkunenko.ru\", "{610E8A56-5298-427E-86CB-F1BE66E2B7AF}"
	ProjectSection(WebsiteProperties) = preProject
		TargetFrameworkMoniker = ".NETFramework,Version%3Dv4.8"
		Debug.AspNetCompiler.VirtualPath = "/localhost_52614"
		Debug.AspNetCompiler.PhysicalPath = "..\shevkunenko.ru\"
		Debug.AspNetCompiler.TargetPath = "PrecompiledWeb\localhost_52614\"
		Debug.AspNetCompiler.Updateable = "true"
		Debug.AspNetCompiler.ForceOverwrite = "true"
		Debug.AspNetCompiler.FixedNames = "false"
		Debug.AspNetCompiler.Debug = "True"
		Release.AspNetCompiler.VirtualPath = "/localhost_52614"
		Release.AspNetCompiler.PhysicalPath = "..\shevkunenko.ru\"
		Release.AspNetCompiler.TargetPath = "PrecompiledWeb\localhost_52614\"
		Release.AspNetCompiler.Updateable = "true"
		Release.AspNetCompiler.ForceOverwrite = "true"
		Release.AspNetCompiler.FixedNames = "false"
		Release.AspNetCompiler.Debug = "False"
		VWDPort = "52614"
		SlnRelativePath = "..\shevkunenko.ru\"
	EndProjectSection
EndProject
Project("{2150E333-8FDC-42A3-9474-1A3956D46DE8}") = "Metanit.com", "Metanit.com", "{903275A2-A9B0-43E1-A13C-A089F3E48289}"
EndProject
Project("{2150E333-8FDC-42A3-9474-1A3956D46DE8}") = "Руководство по ASP.NET Core 8", "Руководство по ASP.NET Core 8", "{C8B84BA2-BADB-48E9-9531-9A46B84E6934}"
EndProject
Project("{2150E333-8FDC-42A3-9474-1A3956D46DE8}") = "Глава 06 - Кофигурация", "Глава 06 - Кофигурация", "{DD4DF3ED-7574-4ED0-9381-E72560BE7CF0}"
	ProjectSection(SolutionItems) = preProject
		Metanit.com\Руководство по ASP.NET Core 8\Глава 06 - Кофигурация\Страница 01 - Основы конфигурации.txt = Metanit.com\Руководство по ASP.NET Core 8\Глава 06 - Кофигурация\Страница 01 - Основы конфигурации.txt
		Metanit.com\Руководство по ASP.NET Core 8\Глава 06 - Кофигурация\Страница 02 - Нефайловые провайдеры конфигурации.txt = Metanit.com\Руководство по ASP.NET Core 8\Глава 06 - Кофигурация\Страница 02 - Нефайловые провайдеры конфигурации.txt
		Metanit.com\Руководство по ASP.NET Core 8\Глава 06 - Кофигурация\Страница 03 - Конфигурация в JSON.txt = Metanit.com\Руководство по ASP.NET Core 8\Глава 06 - Кофигурация\Страница 03 - Конфигурация в JSON.txt
		Metanit.com\Руководство по ASP.NET Core 8\Глава 06 - Кофигурация\Страница 04 - Конфигурация по умолчанию.txt = Metanit.com\Руководство по ASP.NET Core 8\Глава 06 - Кофигурация\Страница 04 - Конфигурация по умолчанию.txt
		Metanit.com\Руководство по ASP.NET Core 8\Глава 06 - Кофигурация\Страница 05 - Анализ конфигурации.txt = Metanit.com\Руководство по ASP.NET Core 8\Глава 06 - Кофигурация\Страница 05 - Анализ конфигурации.txt
		Metanit.com\Руководство по ASP.NET Core 8\Глава 06 - Кофигурация\Страница 06 - Создание провайдера конфгурации.txt = Metanit.com\Руководство по ASP.NET Core 8\Глава 06 - Кофигурация\Страница 06 - Создание провайдера конфгурации.txt
		Metanit.com\Руководство по ASP.NET Core 8\Глава 06 - Кофигурация\Страница 07 - Проекция конфигурации на классы.txt = Metanit.com\Руководство по ASP.NET Core 8\Глава 06 - Кофигурация\Страница 07 - Проекция конфигурации на классы.txt
		Metanit.com\Руководство по ASP.NET Core 8\Глава 06 - Кофигурация\Страница 08 - Передача конфигурации через IOptions.txt = Metanit.com\Руководство по ASP.NET Core 8\Глава 06 - Кофигурация\Страница 08 - Передача конфигурации через IOptions.txt
	EndProjectSection
EndProject
Project("{9A19103F-16F7-4668-BE54-9A1E7A4F7556}") = "Chapter06-01", "Metanit.com\Руководство по ASP.NET Core 8\Глава 06 - Кофигурация\Chapter06-01\Chapter06-01.csproj", "{60E96745-39DE-41ED-A414-E8E342652ADC}"
EndProject
Project("{9A19103F-16F7-4668-BE54-9A1E7A4F7556}") = "Chapter06-02", "Metanit.com\Руководство по ASP.NET Core 8\Глава 06 - Кофигурация\Chapter06-02\Chapter06-02.csproj", "{2F346098-6647-4B8E-BA89-F74E5EEEA7CF}"
EndProject
Project("{9A19103F-16F7-4668-BE54-9A1E7A4F7556}") = "Chapter06-03", "Metanit.com\Руководство по ASP.NET Core 8\Глава 06 - Кофигурация\Chapter06-03\Chapter06-03.csproj", "{90391051-10EE-4733-85D9-6B039E8B1354}"
EndProject
Project("{9A19103F-16F7-4668-BE54-9A1E7A4F7556}") = "Chapter06-04", "Metanit.com\Руководство по ASP.NET Core 8\Глава 06 - Кофигурация\Chapter06-04\Chapter06-04.csproj", "{FDD0A654-64F6-4C8E-8F35-1CD87EE5E8C1}"
EndProject
Project("{9A19103F-16F7-4668-BE54-9A1E7A4F7556}") = "Chapter06-05", "Metanit.com\Руководство по ASP.NET Core 8\Глава 06 - Кофигурация\Chapter06-05\Chapter06-05.csproj", "{FF128DD8-FF58-47B2-88D4-C07518B21B2A}"
EndProject
Project("{9A19103F-16F7-4668-BE54-9A1E7A4F7556}") = "Chapter06-06", "Metanit.com\Руководство по ASP.NET Core 8\Глава 06 - Кофигурация\Chapter06-06\Chapter06-06.csproj", "{508E3DCF-DA3C-467A-86AD-B409740874C5}"
EndProject
Project("{9A19103F-16F7-4668-BE54-9A1E7A4F7556}") = "Chapter06-07", "Metanit.com\Руководство по ASP.NET Core 8\Глава 06 - Кофигурация\Chapter06-07\Chapter06-07.csproj", "{0A03FEA8-9B33-4345-BE83-1F457397DCA0}"
EndProject
Project("{9A19103F-16F7-4668-BE54-9A1E7A4F7556}") = "Chapter06-08", "Metanit.com\Руководство по ASP.NET Core 8\Глава 06 - Кофигурация\Chapter06-08\Chapter06-08.csproj", "{A42BDC45-5FCD-43B5-945F-111135949ED0}"
EndProject
Project("{2150E333-8FDC-42A3-9474-1A3956D46DE8}") = "Глава 01 - Введение в ASP.NET Core", "Глава 01 - Введение в ASP.NET Core", "{15150E38-4EBB-4777-8318-8EF1BA17310C}"
	ProjectSection(SolutionItems) = preProject
		Metanit.com\Руководство по ASP.NET Core 8\Глава 01 - Введение в ASP.NET Core\Страница 01 - Что такое ASP.NET Core.txt = Metanit.com\Руководство по ASP.NET Core 8\Глава 01 - Введение в ASP.NET Core\Страница 01 - Что такое ASP.NET Core.txt
		Metanit.com\Руководство по ASP.NET Core 8\Глава 01 - Введение в ASP.NET Core\Страница 02 - Основы в ASP.NET Core.txt = Metanit.com\Руководство по ASP.NET Core 8\Глава 01 - Введение в ASP.NET Core\Страница 02 - Основы в ASP.NET Core.txt
		Metanit.com\Руководство по ASP.NET Core 8\Глава 01 - Введение в ASP.NET Core\Страница 03 - Первое приложение в Visual Studio.txt = Metanit.com\Руководство по ASP.NET Core 8\Глава 01 - Введение в ASP.NET Core\Страница 03 - Первое приложение в Visual Studio.txt
	EndProjectSection
EndProject
Project("{2150E333-8FDC-42A3-9474-1A3956D46DE8}") = "helloapp", "helloapp", "{1887A977-E4CC-49B9-9CD2-84A25BF6D95C}"
EndProject
Project("{9A19103F-16F7-4668-BE54-9A1E7A4F7556}") = "helloapp", "Metanit.com\Руководство по ASP.NET Core 8\Глава 01 - Введение в ASP.NET Core\helloapp\helloapp.csproj", "{7F2F8053-2DF5-4917-B19D-85FA82B48BD2}"
EndProject
Project("{2150E333-8FDC-42A3-9474-1A3956D46DE8}") = "Глава 02 - Основы в ASP.NET Core", "Глава 02 - Основы в ASP.NET Core", "{7655687B-9A51-4272-BB15-A16578D31AEC}"
	ProjectSection(SolutionItems) = preProject
		Metanit.com\Руководство по ASP.NET Core 8\Глава 02 - Основы в ASP.NET Core\Страница 01 - Создание и запуск приложения.txt = Metanit.com\Руководство по ASP.NET Core 8\Глава 02 - Основы в ASP.NET Core\Страница 01 - Создание и запуск приложения.txt
		Metanit.com\Руководство по ASP.NET Core 8\Глава 02 - Основы в ASP.NET Core\Страница 02 - Конвейер обработки запроса и middleware.txt = Metanit.com\Руководство по ASP.NET Core 8\Глава 02 - Основы в ASP.NET Core\Страница 02 - Конвейер обработки запроса и middleware.txt
		Metanit.com\Руководство по ASP.NET Core 8\Глава 02 - Основы в ASP.NET Core\Страница 03 - Метод Run и определение терминального middleware.txt = Metanit.com\Руководство по ASP.NET Core 8\Глава 02 - Основы в ASP.NET Core\Страница 03 - Метод Run и определение терминального middleware.txt
		Metanit.com\Руководство по ASP.NET Core 8\Глава 02 - Основы в ASP.NET Core\Страница 04 - HttpResponse. Отправка ответа.txt = Metanit.com\Руководство по ASP.NET Core 8\Глава 02 - Основы в ASP.NET Core\Страница 04 - HttpResponse. Отправка ответа.txt
		Metanit.com\Руководство по ASP.NET Core 8\Глава 02 - Основы в ASP.NET Core\Страница 05 - HttpRequest. Получение данных запроса.txt = Metanit.com\Руководство по ASP.NET Core 8\Глава 02 - Основы в ASP.NET Core\Страница 05 - HttpRequest. Получение данных запроса.txt
		Metanit.com\Руководство по ASP.NET Core 8\Глава 02 - Основы в ASP.NET Core\Страница 06 - Отправка файлов.txt = Metanit.com\Руководство по ASP.NET Core 8\Глава 02 - Основы в ASP.NET Core\Страница 06 - Отправка файлов.txt
	EndProjectSection
EndProject
Project("{9A19103F-16F7-4668-BE54-9A1E7A4F7556}") = "WelcomePage", "Metanit.com\Руководство по ASP.NET Core 8\Глава 02 - Основы в ASP.NET Core\WelcomePage\WelcomePage.csproj", "{0D129FE2-4040-449E-8862-BCA9892D384D}"
EndProject
Project("{9A19103F-16F7-4668-BE54-9A1E7A4F7556}") = "Run", "Metanit.com\Руководство по ASP.NET Core 8\Глава 02 - Основы в ASP.NET Core\Run\Run.csproj", "{E575C154-F24F-4F35-A2B6-722738A8AC62}"
EndProject
Project("{9A19103F-16F7-4668-BE54-9A1E7A4F7556}") = "HeadersProperty", "Metanit.com\Руководство по ASP.NET Core 8\Глава 02 - Основы в ASP.NET Core\HeadersProperty\HeadersProperty.csproj", "{64DAAD68-7B15-4FB6-B291-F189C9DE366C}"
EndProject
Project("{2150E333-8FDC-42A3-9474-1A3956D46DE8}") = "Let’s Encrypt on IIS", "Let’s Encrypt on IIS", "{DA2EED98-8A3A-4440-9E6A-104C25AF5ED2}"
	ProjectSection(SolutionItems) = preProject
		Let’s Encrypt on IIS\Let’s Encrypt on IIS.txt = Let’s Encrypt on IIS\Let’s Encrypt on IIS.txt
	EndProjectSection
EndProject
Project("{9A19103F-16F7-4668-BE54-9A1E7A4F7556}") = "SendFile", "Metanit.com\Руководство по ASP.NET Core 8\Глава 02 - Основы в ASP.NET Core\SendFile\SendFile.csproj", "{3B04411B-B2C6-404F-A47B-64B7BE36711A}"
EndProject
Project("{2150E333-8FDC-42A3-9474-1A3956D46DE8}") = "Adam Freeman ProAspNetCore7", "Adam Freeman ProAspNetCore7", "{4EC0CE4B-CB37-4694-B1E5-0C005C8653C1}"
	ProjectSection(SolutionItems) = preProject
		Adam Freeman ProAspNetCore7\Freeman  Adam - Pro ASP.NET Core 7, 10th Edition - 2023.pdf = Adam Freeman ProAspNetCore7\Freeman  Adam - Pro ASP.NET Core 7, 10th Edition - 2023.pdf
	EndProjectSection
EndProject
Project("{2150E333-8FDC-42A3-9474-1A3956D46DE8}") = "Chapter-01-Putting ASP.NET Core in Context", "Chapter-01-Putting ASP.NET Core in Context", "{B00B94CD-E5CC-4AC8-BF11-1F9951E9D27D}"
	ProjectSection(SolutionItems) = preProject
		Adam Freeman ProAspNetCore7\Chapter-01-Putting ASP.NET Core in Context\Page001.txt = Adam Freeman ProAspNetCore7\Chapter-01-Putting ASP.NET Core in Context\Page001.txt
		Adam Freeman ProAspNetCore7\Chapter-01-Putting ASP.NET Core in Context\Page002.txt = Adam Freeman ProAspNetCore7\Chapter-01-Putting ASP.NET Core in Context\Page002.txt
		Adam Freeman ProAspNetCore7\Chapter-01-Putting ASP.NET Core in Context\Page003.txt = Adam Freeman ProAspNetCore7\Chapter-01-Putting ASP.NET Core in Context\Page003.txt
		Adam Freeman ProAspNetCore7\Chapter-01-Putting ASP.NET Core in Context\Page004.txt = Adam Freeman ProAspNetCore7\Chapter-01-Putting ASP.NET Core in Context\Page004.txt
		Adam Freeman ProAspNetCore7\Chapter-01-Putting ASP.NET Core in Context\Page005.txt = Adam Freeman ProAspNetCore7\Chapter-01-Putting ASP.NET Core in Context\Page005.txt
		Adam Freeman ProAspNetCore7\Chapter-01-Putting ASP.NET Core in Context\Page006.txt = Adam Freeman ProAspNetCore7\Chapter-01-Putting ASP.NET Core in Context\Page006.txt
		Adam Freeman ProAspNetCore7\Chapter-01-Putting ASP.NET Core in Context\Page007.txt = Adam Freeman ProAspNetCore7\Chapter-01-Putting ASP.NET Core in Context\Page007.txt
		Adam Freeman ProAspNetCore7\Chapter-01-Putting ASP.NET Core in Context\Page008.txt = Adam Freeman ProAspNetCore7\Chapter-01-Putting ASP.NET Core in Context\Page008.txt
		Adam Freeman ProAspNetCore7\Chapter-01-Putting ASP.NET Core in Context\Page009.txt = Adam Freeman ProAspNetCore7\Chapter-01-Putting ASP.NET Core in Context\Page009.txt
	EndProjectSection
EndProject
Project("{2150E333-8FDC-42A3-9474-1A3956D46DE8}") = "Chapter-02-Getting Started", "Chapter-02-Getting Started", "{BF8B993E-FB35-4F65-9155-4D3F8B5DCA78}"
	ProjectSection(SolutionItems) = preProject
		Adam Freeman ProAspNetCore7\Chapter-02-Getting Started\Page013.txt = Adam Freeman ProAspNetCore7\Chapter-02-Getting Started\Page013.txt
		Adam Freeman ProAspNetCore7\Chapter-02-Getting Started\page014.txt = Adam Freeman ProAspNetCore7\Chapter-02-Getting Started\page014.txt
		Adam Freeman ProAspNetCore7\Chapter-02-Getting Started\Page015.txt = Adam Freeman ProAspNetCore7\Chapter-02-Getting Started\Page015.txt
		Adam Freeman ProAspNetCore7\Chapter-02-Getting Started\Page016.txt = Adam Freeman ProAspNetCore7\Chapter-02-Getting Started\Page016.txt
		Adam Freeman ProAspNetCore7\Chapter-02-Getting Started\Page017.txt = Adam Freeman ProAspNetCore7\Chapter-02-Getting Started\Page017.txt
		Adam Freeman ProAspNetCore7\Chapter-02-Getting Started\Page018.txt = Adam Freeman ProAspNetCore7\Chapter-02-Getting Started\Page018.txt
		Adam Freeman ProAspNetCore7\Chapter-02-Getting Started\Page019.txt = Adam Freeman ProAspNetCore7\Chapter-02-Getting Started\Page019.txt
		Adam Freeman ProAspNetCore7\Chapter-02-Getting Started\Page020.txt = Adam Freeman ProAspNetCore7\Chapter-02-Getting Started\Page020.txt
		Adam Freeman ProAspNetCore7\Chapter-02-Getting Started\Page021.txt = Adam Freeman ProAspNetCore7\Chapter-02-Getting Started\Page021.txt
		Adam Freeman ProAspNetCore7\Chapter-02-Getting Started\Page022.txt = Adam Freeman ProAspNetCore7\Chapter-02-Getting Started\Page022.txt
		Adam Freeman ProAspNetCore7\Chapter-02-Getting Started\Page023.txt = Adam Freeman ProAspNetCore7\Chapter-02-Getting Started\Page023.txt
		Adam Freeman ProAspNetCore7\Chapter-02-Getting Started\Page024.txt = Adam Freeman ProAspNetCore7\Chapter-02-Getting Started\Page024.txt
		Adam Freeman ProAspNetCore7\Chapter-02-Getting Started\Page025.txt = Adam Freeman ProAspNetCore7\Chapter-02-Getting Started\Page025.txt
		Adam Freeman ProAspNetCore7\Chapter-02-Getting Started\Page026.txt = Adam Freeman ProAspNetCore7\Chapter-02-Getting Started\Page026.txt
		Adam Freeman ProAspNetCore7\Chapter-02-Getting Started\Page027.txt = Adam Freeman ProAspNetCore7\Chapter-02-Getting Started\Page027.txt
		Adam Freeman ProAspNetCore7\Chapter-02-Getting Started\Page028.txt = Adam Freeman ProAspNetCore7\Chapter-02-Getting Started\Page028.txt
		Adam Freeman ProAspNetCore7\Chapter-02-Getting Started\Page029.txt = Adam Freeman ProAspNetCore7\Chapter-02-Getting Started\Page029.txt
		Adam Freeman ProAspNetCore7\Chapter-02-Getting Started\Page030.txt = Adam Freeman ProAspNetCore7\Chapter-02-Getting Started\Page030.txt
	EndProjectSection
EndProject
Project("{2150E333-8FDC-42A3-9474-1A3956D46DE8}") = "Chapter-03-Your First ASP.NET Core", "Chapter-03-Your First ASP.NET Core", "{4AC5BE06-12CD-46D5-B24D-E85F318A51CB}"
	ProjectSection(SolutionItems) = preProject
		Adam Freeman ProAspNetCore7\Chapter-03-Your First ASP.NET Core\Page031.txt = Adam Freeman ProAspNetCore7\Chapter-03-Your First ASP.NET Core\Page031.txt
		Adam Freeman ProAspNetCore7\Chapter-03-Your First ASP.NET Core\Page032.txt = Adam Freeman ProAspNetCore7\Chapter-03-Your First ASP.NET Core\Page032.txt
		Adam Freeman ProAspNetCore7\Chapter-03-Your First ASP.NET Core\Page033.txt = Adam Freeman ProAspNetCore7\Chapter-03-Your First ASP.NET Core\Page033.txt
		Adam Freeman ProAspNetCore7\Chapter-03-Your First ASP.NET Core\Page034.txt = Adam Freeman ProAspNetCore7\Chapter-03-Your First ASP.NET Core\Page034.txt
		Adam Freeman ProAspNetCore7\Chapter-03-Your First ASP.NET Core\Page035.txt = Adam Freeman ProAspNetCore7\Chapter-03-Your First ASP.NET Core\Page035.txt
		Adam Freeman ProAspNetCore7\Chapter-03-Your First ASP.NET Core\Page036.txt = Adam Freeman ProAspNetCore7\Chapter-03-Your First ASP.NET Core\Page036.txt
		Adam Freeman ProAspNetCore7\Chapter-03-Your First ASP.NET Core\Page037.txt = Adam Freeman ProAspNetCore7\Chapter-03-Your First ASP.NET Core\Page037.txt
		Adam Freeman ProAspNetCore7\Chapter-03-Your First ASP.NET Core\Page038.txt = Adam Freeman ProAspNetCore7\Chapter-03-Your First ASP.NET Core\Page038.txt
		Adam Freeman ProAspNetCore7\Chapter-03-Your First ASP.NET Core\Page039.txt = Adam Freeman ProAspNetCore7\Chapter-03-Your First ASP.NET Core\Page039.txt
		Adam Freeman ProAspNetCore7\Chapter-03-Your First ASP.NET Core\Page040.txt = Adam Freeman ProAspNetCore7\Chapter-03-Your First ASP.NET Core\Page040.txt
		Adam Freeman ProAspNetCore7\Chapter-03-Your First ASP.NET Core\Page041.txt = Adam Freeman ProAspNetCore7\Chapter-03-Your First ASP.NET Core\Page041.txt
		Adam Freeman ProAspNetCore7\Chapter-03-Your First ASP.NET Core\Page042.txt = Adam Freeman ProAspNetCore7\Chapter-03-Your First ASP.NET Core\Page042.txt
		Adam Freeman ProAspNetCore7\Chapter-03-Your First ASP.NET Core\Page043.txt = Adam Freeman ProAspNetCore7\Chapter-03-Your First ASP.NET Core\Page043.txt
		Adam Freeman ProAspNetCore7\Chapter-03-Your First ASP.NET Core\Page044.txt = Adam Freeman ProAspNetCore7\Chapter-03-Your First ASP.NET Core\Page044.txt
		Adam Freeman ProAspNetCore7\Chapter-03-Your First ASP.NET Core\Page045.txt = Adam Freeman ProAspNetCore7\Chapter-03-Your First ASP.NET Core\Page045.txt
		Adam Freeman ProAspNetCore7\Chapter-03-Your First ASP.NET Core\Page046.txt = Adam Freeman ProAspNetCore7\Chapter-03-Your First ASP.NET Core\Page046.txt
		Adam Freeman ProAspNetCore7\Chapter-03-Your First ASP.NET Core\Page047.txt = Adam Freeman ProAspNetCore7\Chapter-03-Your First ASP.NET Core\Page047.txt
		Adam Freeman ProAspNetCore7\Chapter-03-Your First ASP.NET Core\Page048.txt = Adam Freeman ProAspNetCore7\Chapter-03-Your First ASP.NET Core\Page048.txt
		Adam Freeman ProAspNetCore7\Chapter-03-Your First ASP.NET Core\Page049.txt = Adam Freeman ProAspNetCore7\Chapter-03-Your First ASP.NET Core\Page049.txt
		Adam Freeman ProAspNetCore7\Chapter-03-Your First ASP.NET Core\Page050.txt = Adam Freeman ProAspNetCore7\Chapter-03-Your First ASP.NET Core\Page050.txt
		Adam Freeman ProAspNetCore7\Chapter-03-Your First ASP.NET Core\Page051.txt = Adam Freeman ProAspNetCore7\Chapter-03-Your First ASP.NET Core\Page051.txt
		Adam Freeman ProAspNetCore7\Chapter-03-Your First ASP.NET Core\Page052.txt = Adam Freeman ProAspNetCore7\Chapter-03-Your First ASP.NET Core\Page052.txt
		Adam Freeman ProAspNetCore7\Chapter-03-Your First ASP.NET Core\Page053.txt = Adam Freeman ProAspNetCore7\Chapter-03-Your First ASP.NET Core\Page053.txt
		Adam Freeman ProAspNetCore7\Chapter-03-Your First ASP.NET Core\Page054.txt = Adam Freeman ProAspNetCore7\Chapter-03-Your First ASP.NET Core\Page054.txt
		Adam Freeman ProAspNetCore7\Chapter-03-Your First ASP.NET Core\Page055.txt = Adam Freeman ProAspNetCore7\Chapter-03-Your First ASP.NET Core\Page055.txt
		Adam Freeman ProAspNetCore7\Chapter-03-Your First ASP.NET Core\Page056.txt = Adam Freeman ProAspNetCore7\Chapter-03-Your First ASP.NET Core\Page056.txt
		Adam Freeman ProAspNetCore7\Chapter-03-Your First ASP.NET Core\Page057.txt = Adam Freeman ProAspNetCore7\Chapter-03-Your First ASP.NET Core\Page057.txt
	EndProjectSection
EndProject
Project("{9A19103F-16F7-4668-BE54-9A1E7A4F7556}") = "FirstProject", "Adam Freeman ProAspNetCore7\Chapter-02-Getting Started\FirstProject\FirstProject.csproj", "{7F21E64B-C3D5-4105-9333-3F18FA10B1A3}"
EndProject
Project("{9A19103F-16F7-4668-BE54-9A1E7A4F7556}") = "PartyInvites", "Adam Freeman ProAspNetCore7\Chapter-03-Your First ASP.NET Core\PartyInvites\PartyInvites.csproj", "{C455B081-BE62-4D0F-A160-6E1AA6F8227B}"
EndProject
Project("{2150E333-8FDC-42A3-9474-1A3956D46DE8}") = "Chapter-04-Using the Development Tools", "Chapter-04-Using the Development Tools", "{0317D279-EAA1-4C69-B4E8-5E3D096AD887}"
	ProjectSection(SolutionItems) = preProject
		Adam Freeman ProAspNetCore7\Chapter-04-Using the Development Tools\Page058.txt = Adam Freeman ProAspNetCore7\Chapter-04-Using the Development Tools\Page058.txt
		Adam Freeman ProAspNetCore7\Chapter-04-Using the Development Tools\Page059.txt = Adam Freeman ProAspNetCore7\Chapter-04-Using the Development Tools\Page059.txt
		Adam Freeman ProAspNetCore7\Chapter-04-Using the Development Tools\Page060.txt = Adam Freeman ProAspNetCore7\Chapter-04-Using the Development Tools\Page060.txt
		Adam Freeman ProAspNetCore7\Chapter-04-Using the Development Tools\Page061.txt = Adam Freeman ProAspNetCore7\Chapter-04-Using the Development Tools\Page061.txt
		Adam Freeman ProAspNetCore7\Chapter-04-Using the Development Tools\Page062.txt = Adam Freeman ProAspNetCore7\Chapter-04-Using the Development Tools\Page062.txt
		Adam Freeman ProAspNetCore7\Chapter-04-Using the Development Tools\Page063.txt = Adam Freeman ProAspNetCore7\Chapter-04-Using the Development Tools\Page063.txt
		Adam Freeman ProAspNetCore7\Chapter-04-Using the Development Tools\Page064.txt = Adam Freeman ProAspNetCore7\Chapter-04-Using the Development Tools\Page064.txt
		Adam Freeman ProAspNetCore7\Chapter-04-Using the Development Tools\Page065.txt = Adam Freeman ProAspNetCore7\Chapter-04-Using the Development Tools\Page065.txt
		Adam Freeman ProAspNetCore7\Chapter-04-Using the Development Tools\Page066.txt = Adam Freeman ProAspNetCore7\Chapter-04-Using the Development Tools\Page066.txt
		Adam Freeman ProAspNetCore7\Chapter-04-Using the Development Tools\Page067.txt = Adam Freeman ProAspNetCore7\Chapter-04-Using the Development Tools\Page067.txt
		Adam Freeman ProAspNetCore7\Chapter-04-Using the Development Tools\Page068.txt = Adam Freeman ProAspNetCore7\Chapter-04-Using the Development Tools\Page068.txt
		Adam Freeman ProAspNetCore7\Chapter-04-Using the Development Tools\Page069.txt = Adam Freeman ProAspNetCore7\Chapter-04-Using the Development Tools\Page069.txt
		Adam Freeman ProAspNetCore7\Chapter-04-Using the Development Tools\Page070.txt = Adam Freeman ProAspNetCore7\Chapter-04-Using the Development Tools\Page070.txt
		Adam Freeman ProAspNetCore7\Chapter-04-Using the Development Tools\Page071.txt = Adam Freeman ProAspNetCore7\Chapter-04-Using the Development Tools\Page071.txt
		Adam Freeman ProAspNetCore7\Chapter-04-Using the Development Tools\Page072.txt = Adam Freeman ProAspNetCore7\Chapter-04-Using the Development Tools\Page072.txt
	EndProjectSection
EndProject
Project("{9A19103F-16F7-4668-BE54-9A1E7A4F7556}") = "MyProject", "Adam Freeman ProAspNetCore7\Chapter-04-Using the Development Tools\MyProject\MyProject.csproj", "{49D31A84-916F-435D-ABFF-DE0E3E2CB155}"
EndProject
Project("{2150E333-8FDC-42A3-9474-1A3956D46DE8}") = "Chapter-05-Essential C# Features", "Chapter-05-Essential C# Features", "{EE734E7C-4567-46C3-8831-0D8A4D433A40}"
	ProjectSection(SolutionItems) = preProject
		Adam Freeman ProAspNetCore7\Chapter-05-Essential C# Features\Page073.txt = Adam Freeman ProAspNetCore7\Chapter-05-Essential C# Features\Page073.txt
		Adam Freeman ProAspNetCore7\Chapter-05-Essential C# Features\Page074.txt = Adam Freeman ProAspNetCore7\Chapter-05-Essential C# Features\Page074.txt
		Adam Freeman ProAspNetCore7\Chapter-05-Essential C# Features\Page075.txt = Adam Freeman ProAspNetCore7\Chapter-05-Essential C# Features\Page075.txt
		Adam Freeman ProAspNetCore7\Chapter-05-Essential C# Features\Page076.txt = Adam Freeman ProAspNetCore7\Chapter-05-Essential C# Features\Page076.txt
		Adam Freeman ProAspNetCore7\Chapter-05-Essential C# Features\Page077.txt = Adam Freeman ProAspNetCore7\Chapter-05-Essential C# Features\Page077.txt
		Adam Freeman ProAspNetCore7\Chapter-05-Essential C# Features\Page078.txt = Adam Freeman ProAspNetCore7\Chapter-05-Essential C# Features\Page078.txt
		Adam Freeman ProAspNetCore7\Chapter-05-Essential C# Features\Page079.txt = Adam Freeman ProAspNetCore7\Chapter-05-Essential C# Features\Page079.txt
		Adam Freeman ProAspNetCore7\Chapter-05-Essential C# Features\Page080.txt = Adam Freeman ProAspNetCore7\Chapter-05-Essential C# Features\Page080.txt
		Adam Freeman ProAspNetCore7\Chapter-05-Essential C# Features\Page081.txt = Adam Freeman ProAspNetCore7\Chapter-05-Essential C# Features\Page081.txt
		Adam Freeman ProAspNetCore7\Chapter-05-Essential C# Features\Page082.txt = Adam Freeman ProAspNetCore7\Chapter-05-Essential C# Features\Page082.txt
		Adam Freeman ProAspNetCore7\Chapter-05-Essential C# Features\Page083.txt = Adam Freeman ProAspNetCore7\Chapter-05-Essential C# Features\Page083.txt
		Adam Freeman ProAspNetCore7\Chapter-05-Essential C# Features\Page084.txt = Adam Freeman ProAspNetCore7\Chapter-05-Essential C# Features\Page084.txt
		Adam Freeman ProAspNetCore7\Chapter-05-Essential C# Features\Page085.txt = Adam Freeman ProAspNetCore7\Chapter-05-Essential C# Features\Page085.txt
		Adam Freeman ProAspNetCore7\Chapter-05-Essential C# Features\Page086.txt = Adam Freeman ProAspNetCore7\Chapter-05-Essential C# Features\Page086.txt
		Adam Freeman ProAspNetCore7\Chapter-05-Essential C# Features\Page087.txt = Adam Freeman ProAspNetCore7\Chapter-05-Essential C# Features\Page087.txt
		Adam Freeman ProAspNetCore7\Chapter-05-Essential C# Features\Page088.txt = Adam Freeman ProAspNetCore7\Chapter-05-Essential C# Features\Page088.txt
		Adam Freeman ProAspNetCore7\Chapter-05-Essential C# Features\Page089.txt = Adam Freeman ProAspNetCore7\Chapter-05-Essential C# Features\Page089.txt
		Adam Freeman ProAspNetCore7\Chapter-05-Essential C# Features\Page090.txt = Adam Freeman ProAspNetCore7\Chapter-05-Essential C# Features\Page090.txt
		Adam Freeman ProAspNetCore7\Chapter-05-Essential C# Features\Page091.txt = Adam Freeman ProAspNetCore7\Chapter-05-Essential C# Features\Page091.txt
		Adam Freeman ProAspNetCore7\Chapter-05-Essential C# Features\Page092.txt = Adam Freeman ProAspNetCore7\Chapter-05-Essential C# Features\Page092.txt
		Adam Freeman ProAspNetCore7\Chapter-05-Essential C# Features\Page093.txt = Adam Freeman ProAspNetCore7\Chapter-05-Essential C# Features\Page093.txt
		Adam Freeman ProAspNetCore7\Chapter-05-Essential C# Features\Page094.txt = Adam Freeman ProAspNetCore7\Chapter-05-Essential C# Features\Page094.txt
		Adam Freeman ProAspNetCore7\Chapter-05-Essential C# Features\Page095.txt = Adam Freeman ProAspNetCore7\Chapter-05-Essential C# Features\Page095.txt
		Adam Freeman ProAspNetCore7\Chapter-05-Essential C# Features\Page096.txt = Adam Freeman ProAspNetCore7\Chapter-05-Essential C# Features\Page096.txt
		Adam Freeman ProAspNetCore7\Chapter-05-Essential C# Features\Page097.txt = Adam Freeman ProAspNetCore7\Chapter-05-Essential C# Features\Page097.txt
		Adam Freeman ProAspNetCore7\Chapter-05-Essential C# Features\Page098.txt = Adam Freeman ProAspNetCore7\Chapter-05-Essential C# Features\Page098.txt
		Adam Freeman ProAspNetCore7\Chapter-05-Essential C# Features\Page099.txt = Adam Freeman ProAspNetCore7\Chapter-05-Essential C# Features\Page099.txt
		Adam Freeman ProAspNetCore7\Chapter-05-Essential C# Features\Page100.txt = Adam Freeman ProAspNetCore7\Chapter-05-Essential C# Features\Page100.txt
		Adam Freeman ProAspNetCore7\Chapter-05-Essential C# Features\Page101.txt = Adam Freeman ProAspNetCore7\Chapter-05-Essential C# Features\Page101.txt
		Adam Freeman ProAspNetCore7\Chapter-05-Essential C# Features\Page102.txt = Adam Freeman ProAspNetCore7\Chapter-05-Essential C# Features\Page102.txt
		Adam Freeman ProAspNetCore7\Chapter-05-Essential C# Features\Page103.txt = Adam Freeman ProAspNetCore7\Chapter-05-Essential C# Features\Page103.txt
		Adam Freeman ProAspNetCore7\Chapter-05-Essential C# Features\Page104.txt = Adam Freeman ProAspNetCore7\Chapter-05-Essential C# Features\Page104.txt
		Adam Freeman ProAspNetCore7\Chapter-05-Essential C# Features\Page105.txt = Adam Freeman ProAspNetCore7\Chapter-05-Essential C# Features\Page105.txt
		Adam Freeman ProAspNetCore7\Chapter-05-Essential C# Features\Page106.txt = Adam Freeman ProAspNetCore7\Chapter-05-Essential C# Features\Page106.txt
		Adam Freeman ProAspNetCore7\Chapter-05-Essential C# Features\Page107.txt = Adam Freeman ProAspNetCore7\Chapter-05-Essential C# Features\Page107.txt
		Adam Freeman ProAspNetCore7\Chapter-05-Essential C# Features\Page108.txt = Adam Freeman ProAspNetCore7\Chapter-05-Essential C# Features\Page108.txt
		Adam Freeman ProAspNetCore7\Chapter-05-Essential C# Features\Page109.txt = Adam Freeman ProAspNetCore7\Chapter-05-Essential C# Features\Page109.txt
		Adam Freeman ProAspNetCore7\Chapter-05-Essential C# Features\Page110.txt = Adam Freeman ProAspNetCore7\Chapter-05-Essential C# Features\Page110.txt
		Adam Freeman ProAspNetCore7\Chapter-05-Essential C# Features\Page111.txt = Adam Freeman ProAspNetCore7\Chapter-05-Essential C# Features\Page111.txt
		Adam Freeman ProAspNetCore7\Chapter-05-Essential C# Features\Page112.txt = Adam Freeman ProAspNetCore7\Chapter-05-Essential C# Features\Page112.txt
		Adam Freeman ProAspNetCore7\Chapter-05-Essential C# Features\Page113.txt = Adam Freeman ProAspNetCore7\Chapter-05-Essential C# Features\Page113.txt
		Adam Freeman ProAspNetCore7\Chapter-05-Essential C# Features\Page114.txt = Adam Freeman ProAspNetCore7\Chapter-05-Essential C# Features\Page114.txt
		Adam Freeman ProAspNetCore7\Chapter-05-Essential C# Features\Page115.txt = Adam Freeman ProAspNetCore7\Chapter-05-Essential C# Features\Page115.txt
		Adam Freeman ProAspNetCore7\Chapter-05-Essential C# Features\Page116.txt = Adam Freeman ProAspNetCore7\Chapter-05-Essential C# Features\Page116.txt
		Adam Freeman ProAspNetCore7\Chapter-05-Essential C# Features\Page117.txt = Adam Freeman ProAspNetCore7\Chapter-05-Essential C# Features\Page117.txt
		Adam Freeman ProAspNetCore7\Chapter-05-Essential C# Features\Page118.txt = Adam Freeman ProAspNetCore7\Chapter-05-Essential C# Features\Page118.txt
	EndProjectSection
EndProject
Project("{9A19103F-16F7-4668-BE54-9A1E7A4F7556}") = "LanguageFeatures", "Adam Freeman ProAspNetCore7\Chapter-05-Essential C# Features\LanguageFeatures\LanguageFeatures.csproj", "{3332E26C-BE19-44D1-885D-5DC17493ED3F}"
EndProject
Project("{2150E333-8FDC-42A3-9474-1A3956D46DE8}") = "C# 13", "C# 13", "{2232B0C1-252D-4176-ABFE-47FB87FD140B}"
EndProject
Project("{2150E333-8FDC-42A3-9474-1A3956D46DE8}") = "Глава 10 - Коллекции", "Глава 10 - Коллекции", "{4B8C2613-A4B0-4E00-8216-2639A43ABEF9}"
	ProjectSection(SolutionItems) = preProject
		Page05 - Словарь Dictinary.txt = Page05 - Словарь Dictinary.txt
		Metanit.com\C# 13\Глава 10 - Коллекции\Page07 - Интерфейсы IEnumerable и IEnumerator.txt = Metanit.com\C# 13\Глава 10 - Коллекции\Page07 - Интерфейсы IEnumerable и IEnumerator.txt
		Metanit.com\C# 13\Глава 10 - Коллекции\Page08 - Итераторы и оператор yield.txt = Metanit.com\C# 13\Глава 10 - Коллекции\Page08 - Итераторы и оператор yield.txt
	EndProjectSection
EndProject
Project("{9A19103F-16F7-4668-BE54-9A1E7A4F7556}") = "Page07", "Metanit.com\C# 13\Глава 10 - Коллекции\Page07\Page07.csproj", "{95265512-084A-4787-9D23-58818F87C926}"
EndProject
Project("{9A19103F-16F7-4668-BE54-9A1E7A4F7556}") = "Page08", "Metanit.com\C# 13\Глава 10 - Коллекции\Page08\Page08.csproj", "{E6600BCE-7D33-4770-8F29-C54CD24A37B3}"
EndProject
Project("{2150E333-8FDC-42A3-9474-1A3956D46DE8}") = "Chapter-06-Testing ASP.NET Core applications", "Chapter-06-Testing ASP.NET Core applications", "{C29869FE-A8DE-494C-8D03-4DF57E18A02C}"
	ProjectSection(SolutionItems) = preProject
		Adam Freeman ProAspNetCore7\Chapter-06-Testing ASP.NET Core applications\Page119.txt = Adam Freeman ProAspNetCore7\Chapter-06-Testing ASP.NET Core applications\Page119.txt
		Adam Freeman ProAspNetCore7\Chapter-06-Testing ASP.NET Core applications\Page120.txt = Adam Freeman ProAspNetCore7\Chapter-06-Testing ASP.NET Core applications\Page120.txt
		Adam Freeman ProAspNetCore7\Chapter-06-Testing ASP.NET Core applications\Page121.txt = Adam Freeman ProAspNetCore7\Chapter-06-Testing ASP.NET Core applications\Page121.txt
		Adam Freeman ProAspNetCore7\Chapter-06-Testing ASP.NET Core applications\Page122.txt = Adam Freeman ProAspNetCore7\Chapter-06-Testing ASP.NET Core applications\Page122.txt
		Adam Freeman ProAspNetCore7\Chapter-06-Testing ASP.NET Core applications\Page123.txt = Adam Freeman ProAspNetCore7\Chapter-06-Testing ASP.NET Core applications\Page123.txt
		Adam Freeman ProAspNetCore7\Chapter-06-Testing ASP.NET Core applications\Page124.txt = Adam Freeman ProAspNetCore7\Chapter-06-Testing ASP.NET Core applications\Page124.txt
		Adam Freeman ProAspNetCore7\Chapter-06-Testing ASP.NET Core applications\Page125.txt = Adam Freeman ProAspNetCore7\Chapter-06-Testing ASP.NET Core applications\Page125.txt
		Adam Freeman ProAspNetCore7\Chapter-06-Testing ASP.NET Core applications\Page126.txt = Adam Freeman ProAspNetCore7\Chapter-06-Testing ASP.NET Core applications\Page126.txt
		Adam Freeman ProAspNetCore7\Chapter-06-Testing ASP.NET Core applications\Page127.txt = Adam Freeman ProAspNetCore7\Chapter-06-Testing ASP.NET Core applications\Page127.txt
		Adam Freeman ProAspNetCore7\Chapter-06-Testing ASP.NET Core applications\Page128.txt = Adam Freeman ProAspNetCore7\Chapter-06-Testing ASP.NET Core applications\Page128.txt
		Adam Freeman ProAspNetCore7\Chapter-06-Testing ASP.NET Core applications\Page129.txt = Adam Freeman ProAspNetCore7\Chapter-06-Testing ASP.NET Core applications\Page129.txt
		Adam Freeman ProAspNetCore7\Chapter-06-Testing ASP.NET Core applications\Page130.txt = Adam Freeman ProAspNetCore7\Chapter-06-Testing ASP.NET Core applications\Page130.txt
		Adam Freeman ProAspNetCore7\Chapter-06-Testing ASP.NET Core applications\Page131.txt = Adam Freeman ProAspNetCore7\Chapter-06-Testing ASP.NET Core applications\Page131.txt
		Adam Freeman ProAspNetCore7\Chapter-06-Testing ASP.NET Core applications\Page132.txt = Adam Freeman ProAspNetCore7\Chapter-06-Testing ASP.NET Core applications\Page132.txt
		Adam Freeman ProAspNetCore7\Chapter-06-Testing ASP.NET Core applications\Page133.txt = Adam Freeman ProAspNetCore7\Chapter-06-Testing ASP.NET Core applications\Page133.txt
		Adam Freeman ProAspNetCore7\Chapter-06-Testing ASP.NET Core applications\Page135.txt = Adam Freeman ProAspNetCore7\Chapter-06-Testing ASP.NET Core applications\Page135.txt
		Adam Freeman ProAspNetCore7\Chapter-06-Testing ASP.NET Core applications\Page136.txt = Adam Freeman ProAspNetCore7\Chapter-06-Testing ASP.NET Core applications\Page136.txt
		Adam Freeman ProAspNetCore7\Chapter-06-Testing ASP.NET Core applications\Page137.txt = Adam Freeman ProAspNetCore7\Chapter-06-Testing ASP.NET Core applications\Page137.txt
	EndProjectSection
EndProject
Project("{2150E333-8FDC-42A3-9474-1A3956D46DE8}") = "Testing", "Testing", "{0235D653-CD84-440F-BF04-00DDBE436AEE}"
	ProjectSection(SolutionItems) = preProject
		Adam Freeman ProAspNetCore7\Chapter-06-Testing ASP.NET Core applications\Page134.txt = Adam Freeman ProAspNetCore7\Chapter-06-Testing ASP.NET Core applications\Page134.txt
	EndProjectSection
EndProject
Project("{9A19103F-16F7-4668-BE54-9A1E7A4F7556}") = "SimpleApp", "Adam Freeman ProAspNetCore7\Chapter-06-Testing ASP.NET Core applications\Testing\SimpleApp\SimpleApp.csproj", "{1CE27474-43B3-4FAC-90C9-BFFFF77B3339}"
EndProject
Project("{9A19103F-16F7-4668-BE54-9A1E7A4F7556}") = "SimpleApp.Tests", "Adam Freeman ProAspNetCore7\Chapter-06-Testing ASP.NET Core applications\Testing\SimpleApp.Tests\SimpleApp.Tests.csproj", "{3AF38AB7-3541-4FEF-AEE6-6944E4263CF2}"
EndProject
Project("{9A19103F-16F7-4668-BE54-9A1E7A4F7556}") = "ShevkunenkoSite.Tests", "ShevkunenkoSite.Tests\ShevkunenkoSite.Tests.csproj", "{F37B9D3C-2699-41D8-811D-4B29C53E7CB2}"
EndProject
Project("{2150E333-8FDC-42A3-9474-1A3956D46DE8}") = "Chapter-07-SportsStore A Real Application", "Chapter-07-SportsStore A Real Application", "{A6902C8F-F666-497C-926D-6A859B9778AE}"
	ProjectSection(SolutionItems) = preProject
		Adam Freeman ProAspNetCore7\Chapter-07-SportsStore A Real Application\Page138.txt = Adam Freeman ProAspNetCore7\Chapter-07-SportsStore A Real Application\Page138.txt
		Adam Freeman ProAspNetCore7\Chapter-07-SportsStore A Real Application\Page139.txt = Adam Freeman ProAspNetCore7\Chapter-07-SportsStore A Real Application\Page139.txt
		Adam Freeman ProAspNetCore7\Chapter-07-SportsStore A Real Application\Page140.txt = Adam Freeman ProAspNetCore7\Chapter-07-SportsStore A Real Application\Page140.txt
		Adam Freeman ProAspNetCore7\Chapter-07-SportsStore A Real Application\Page141.txt = Adam Freeman ProAspNetCore7\Chapter-07-SportsStore A Real Application\Page141.txt
		Adam Freeman ProAspNetCore7\Chapter-07-SportsStore A Real Application\Page142.txt = Adam Freeman ProAspNetCore7\Chapter-07-SportsStore A Real Application\Page142.txt
		Adam Freeman ProAspNetCore7\Chapter-07-SportsStore A Real Application\Page143.txt = Adam Freeman ProAspNetCore7\Chapter-07-SportsStore A Real Application\Page143.txt
		Adam Freeman ProAspNetCore7\Chapter-07-SportsStore A Real Application\Page144.txt = Adam Freeman ProAspNetCore7\Chapter-07-SportsStore A Real Application\Page144.txt
		Adam Freeman ProAspNetCore7\Chapter-07-SportsStore A Real Application\Page145.txt = Adam Freeman ProAspNetCore7\Chapter-07-SportsStore A Real Application\Page145.txt
		Adam Freeman ProAspNetCore7\Chapter-07-SportsStore A Real Application\Page146.txt = Adam Freeman ProAspNetCore7\Chapter-07-SportsStore A Real Application\Page146.txt
		Adam Freeman ProAspNetCore7\Chapter-07-SportsStore A Real Application\Page147.txt = Adam Freeman ProAspNetCore7\Chapter-07-SportsStore A Real Application\Page147.txt
		Adam Freeman ProAspNetCore7\Chapter-07-SportsStore A Real Application\Page148.txt = Adam Freeman ProAspNetCore7\Chapter-07-SportsStore A Real Application\Page148.txt
		Adam Freeman ProAspNetCore7\Chapter-07-SportsStore A Real Application\Page149.txt = Adam Freeman ProAspNetCore7\Chapter-07-SportsStore A Real Application\Page149.txt
		Adam Freeman ProAspNetCore7\Chapter-07-SportsStore A Real Application\Page150.txt = Adam Freeman ProAspNetCore7\Chapter-07-SportsStore A Real Application\Page150.txt
		Adam Freeman ProAspNetCore7\Chapter-07-SportsStore A Real Application\Page151.txt = Adam Freeman ProAspNetCore7\Chapter-07-SportsStore A Real Application\Page151.txt
		Adam Freeman ProAspNetCore7\Chapter-07-SportsStore A Real Application\Page152.txt = Adam Freeman ProAspNetCore7\Chapter-07-SportsStore A Real Application\Page152.txt
		Adam Freeman ProAspNetCore7\Chapter-07-SportsStore A Real Application\Page153.txt = Adam Freeman ProAspNetCore7\Chapter-07-SportsStore A Real Application\Page153.txt
		Adam Freeman ProAspNetCore7\Chapter-07-SportsStore A Real Application\Page154.txt = Adam Freeman ProAspNetCore7\Chapter-07-SportsStore A Real Application\Page154.txt
		Adam Freeman ProAspNetCore7\Chapter-07-SportsStore A Real Application\Page155.txt = Adam Freeman ProAspNetCore7\Chapter-07-SportsStore A Real Application\Page155.txt
		Adam Freeman ProAspNetCore7\Chapter-07-SportsStore A Real Application\Page156.txt = Adam Freeman ProAspNetCore7\Chapter-07-SportsStore A Real Application\Page156.txt
		Adam Freeman ProAspNetCore7\Chapter-07-SportsStore A Real Application\Page157.txt = Adam Freeman ProAspNetCore7\Chapter-07-SportsStore A Real Application\Page157.txt
		Adam Freeman ProAspNetCore7\Chapter-07-SportsStore A Real Application\Page158.txt = Adam Freeman ProAspNetCore7\Chapter-07-SportsStore A Real Application\Page158.txt
		Adam Freeman ProAspNetCore7\Chapter-07-SportsStore A Real Application\Page159.txt = Adam Freeman ProAspNetCore7\Chapter-07-SportsStore A Real Application\Page159.txt
		Adam Freeman ProAspNetCore7\Chapter-07-SportsStore A Real Application\Page160.txt = Adam Freeman ProAspNetCore7\Chapter-07-SportsStore A Real Application\Page160.txt
		Adam Freeman ProAspNetCore7\Chapter-07-SportsStore A Real Application\Page161.txt = Adam Freeman ProAspNetCore7\Chapter-07-SportsStore A Real Application\Page161.txt
		Adam Freeman ProAspNetCore7\Chapter-07-SportsStore A Real Application\Page162.txt = Adam Freeman ProAspNetCore7\Chapter-07-SportsStore A Real Application\Page162.txt
		Adam Freeman ProAspNetCore7\Chapter-07-SportsStore A Real Application\Page163.txt = Adam Freeman ProAspNetCore7\Chapter-07-SportsStore A Real Application\Page163.txt
		Adam Freeman ProAspNetCore7\Chapter-07-SportsStore A Real Application\Page164.txt = Adam Freeman ProAspNetCore7\Chapter-07-SportsStore A Real Application\Page164.txt
		Adam Freeman ProAspNetCore7\Chapter-07-SportsStore A Real Application\Page165.txt = Adam Freeman ProAspNetCore7\Chapter-07-SportsStore A Real Application\Page165.txt
		Adam Freeman ProAspNetCore7\Chapter-07-SportsStore A Real Application\Page166.txt = Adam Freeman ProAspNetCore7\Chapter-07-SportsStore A Real Application\Page166.txt
		Adam Freeman ProAspNetCore7\Chapter-07-SportsStore A Real Application\Page167.txt = Adam Freeman ProAspNetCore7\Chapter-07-SportsStore A Real Application\Page167.txt
		Adam Freeman ProAspNetCore7\Chapter-07-SportsStore A Real Application\Page168.txt = Adam Freeman ProAspNetCore7\Chapter-07-SportsStore A Real Application\Page168.txt
		Adam Freeman ProAspNetCore7\Chapter-07-SportsStore A Real Application\Page169.txt = Adam Freeman ProAspNetCore7\Chapter-07-SportsStore A Real Application\Page169.txt
		Adam Freeman ProAspNetCore7\Chapter-07-SportsStore A Real Application\Page170.txt = Adam Freeman ProAspNetCore7\Chapter-07-SportsStore A Real Application\Page170.txt
		Adam Freeman ProAspNetCore7\Chapter-07-SportsStore A Real Application\Page171.txt = Adam Freeman ProAspNetCore7\Chapter-07-SportsStore A Real Application\Page171.txt
		Adam Freeman ProAspNetCore7\Chapter-07-SportsStore A Real Application\Page172.txt = Adam Freeman ProAspNetCore7\Chapter-07-SportsStore A Real Application\Page172.txt
		Adam Freeman ProAspNetCore7\Chapter-07-SportsStore A Real Application\Page173.txt = Adam Freeman ProAspNetCore7\Chapter-07-SportsStore A Real Application\Page173.txt
		Adam Freeman ProAspNetCore7\Chapter-07-SportsStore A Real Application\Page174.txt = Adam Freeman ProAspNetCore7\Chapter-07-SportsStore A Real Application\Page174.txt
	EndProjectSection
EndProject
Project("{9A19103F-16F7-4668-BE54-9A1E7A4F7556}") = "SportsStore", "Adam Freeman ProAspNetCore7\SportsStore\SportsStore.csproj", "{738F133C-B70B-43A5-A57A-CDA302A3E7CA}"
EndProject
Project("{9A19103F-16F7-4668-BE54-9A1E7A4F7556}") = "SportsStore.Tests", "Adam Freeman ProAspNetCore7\SportsStore.Tests\SportsStore.Tests.csproj", "{D789BC5E-A295-44F9-8416-82838FE8AE76}"
EndProject
Project("{2150E333-8FDC-42A3-9474-1A3956D46DE8}") = "Chapter-08-SportsStore-Navigation and Cart", "Chapter-08-SportsStore-Navigation and Cart", "{CABC6583-6305-4AB6-83E5-3C1E7811294D}"
	ProjectSection(SolutionItems) = preProject
		Adam Freeman ProAspNetCore7\Chapter-08-SportsStore-Navigation and Cart\Page175.txt = Adam Freeman ProAspNetCore7\Chapter-08-SportsStore-Navigation and Cart\Page175.txt
		Adam Freeman ProAspNetCore7\Chapter-08-SportsStore-Navigation and Cart\Page176.txt = Adam Freeman ProAspNetCore7\Chapter-08-SportsStore-Navigation and Cart\Page176.txt
		Adam Freeman ProAspNetCore7\Chapter-08-SportsStore-Navigation and Cart\Page177.txt = Adam Freeman ProAspNetCore7\Chapter-08-SportsStore-Navigation and Cart\Page177.txt
		Adam Freeman ProAspNetCore7\Chapter-08-SportsStore-Navigation and Cart\Page178.txt = Adam Freeman ProAspNetCore7\Chapter-08-SportsStore-Navigation and Cart\Page178.txt
		Adam Freeman ProAspNetCore7\Chapter-08-SportsStore-Navigation and Cart\Page179.txt = Adam Freeman ProAspNetCore7\Chapter-08-SportsStore-Navigation and Cart\Page179.txt
		Adam Freeman ProAspNetCore7\Chapter-08-SportsStore-Navigation and Cart\Page180.txt = Adam Freeman ProAspNetCore7\Chapter-08-SportsStore-Navigation and Cart\Page180.txt
		Adam Freeman ProAspNetCore7\Chapter-08-SportsStore-Navigation and Cart\Page181.txt = Adam Freeman ProAspNetCore7\Chapter-08-SportsStore-Navigation and Cart\Page181.txt
		Adam Freeman ProAspNetCore7\Chapter-08-SportsStore-Navigation and Cart\Page182.txt = Adam Freeman ProAspNetCore7\Chapter-08-SportsStore-Navigation and Cart\Page182.txt
		Adam Freeman ProAspNetCore7\Chapter-08-SportsStore-Navigation and Cart\Page183.txt = Adam Freeman ProAspNetCore7\Chapter-08-SportsStore-Navigation and Cart\Page183.txt
		Adam Freeman ProAspNetCore7\Chapter-08-SportsStore-Navigation and Cart\Page184.txt = Adam Freeman ProAspNetCore7\Chapter-08-SportsStore-Navigation and Cart\Page184.txt
		Adam Freeman ProAspNetCore7\Chapter-08-SportsStore-Navigation and Cart\Page185.txt = Adam Freeman ProAspNetCore7\Chapter-08-SportsStore-Navigation and Cart\Page185.txt
		Adam Freeman ProAspNetCore7\Chapter-08-SportsStore-Navigation and Cart\Page186.txt = Adam Freeman ProAspNetCore7\Chapter-08-SportsStore-Navigation and Cart\Page186.txt
		Adam Freeman ProAspNetCore7\Chapter-08-SportsStore-Navigation and Cart\Page187.txt = Adam Freeman ProAspNetCore7\Chapter-08-SportsStore-Navigation and Cart\Page187.txt
		Adam Freeman ProAspNetCore7\Chapter-08-SportsStore-Navigation and Cart\Page188.txt = Adam Freeman ProAspNetCore7\Chapter-08-SportsStore-Navigation and Cart\Page188.txt
		Adam Freeman ProAspNetCore7\Chapter-08-SportsStore-Navigation and Cart\Page189.txt = Adam Freeman ProAspNetCore7\Chapter-08-SportsStore-Navigation and Cart\Page189.txt
		Adam Freeman ProAspNetCore7\Chapter-08-SportsStore-Navigation and Cart\Page190.txt = Adam Freeman ProAspNetCore7\Chapter-08-SportsStore-Navigation and Cart\Page190.txt
		Adam Freeman ProAspNetCore7\Chapter-08-SportsStore-Navigation and Cart\Page191.txt = Adam Freeman ProAspNetCore7\Chapter-08-SportsStore-Navigation and Cart\Page191.txt
		Adam Freeman ProAspNetCore7\Chapter-08-SportsStore-Navigation and Cart\Page192.txt = Adam Freeman ProAspNetCore7\Chapter-08-SportsStore-Navigation and Cart\Page192.txt
		Adam Freeman ProAspNetCore7\Chapter-08-SportsStore-Navigation and Cart\Page193.txt = Adam Freeman ProAspNetCore7\Chapter-08-SportsStore-Navigation and Cart\Page193.txt
		Adam Freeman ProAspNetCore7\Chapter-08-SportsStore-Navigation and Cart\Page194.txt = Adam Freeman ProAspNetCore7\Chapter-08-SportsStore-Navigation and Cart\Page194.txt
		Adam Freeman ProAspNetCore7\Chapter-08-SportsStore-Navigation and Cart\Page195.txt = Adam Freeman ProAspNetCore7\Chapter-08-SportsStore-Navigation and Cart\Page195.txt
		Adam Freeman ProAspNetCore7\Chapter-08-SportsStore-Navigation and Cart\Page196.txt = Adam Freeman ProAspNetCore7\Chapter-08-SportsStore-Navigation and Cart\Page196.txt
		Adam Freeman ProAspNetCore7\Chapter-08-SportsStore-Navigation and Cart\Page197.txt = Adam Freeman ProAspNetCore7\Chapter-08-SportsStore-Navigation and Cart\Page197.txt
		Adam Freeman ProAspNetCore7\Chapter-08-SportsStore-Navigation and Cart\Page198.txt = Adam Freeman ProAspNetCore7\Chapter-08-SportsStore-Navigation and Cart\Page198.txt
		Adam Freeman ProAspNetCore7\Chapter-08-SportsStore-Navigation and Cart\Page199.txt = Adam Freeman ProAspNetCore7\Chapter-08-SportsStore-Navigation and Cart\Page199.txt
		Adam Freeman ProAspNetCore7\Chapter-08-SportsStore-Navigation and Cart\Page200.txt = Adam Freeman ProAspNetCore7\Chapter-08-SportsStore-Navigation and Cart\Page200.txt
		Adam Freeman ProAspNetCore7\Chapter-08-SportsStore-Navigation and Cart\Page201.txt = Adam Freeman ProAspNetCore7\Chapter-08-SportsStore-Navigation and Cart\Page201.txt
		Adam Freeman ProAspNetCore7\Chapter-08-SportsStore-Navigation and Cart\Page202.txt = Adam Freeman ProAspNetCore7\Chapter-08-SportsStore-Navigation and Cart\Page202.txt
		Adam Freeman ProAspNetCore7\Chapter-08-SportsStore-Navigation and Cart\Page203.txt = Adam Freeman ProAspNetCore7\Chapter-08-SportsStore-Navigation and Cart\Page203.txt
		Adam Freeman ProAspNetCore7\Chapter-08-SportsStore-Navigation and Cart\Page204.txt = Adam Freeman ProAspNetCore7\Chapter-08-SportsStore-Navigation and Cart\Page204.txt
		Adam Freeman ProAspNetCore7\Chapter-08-SportsStore-Navigation and Cart\Page205.txt = Adam Freeman ProAspNetCore7\Chapter-08-SportsStore-Navigation and Cart\Page205.txt
		Adam Freeman ProAspNetCore7\Chapter-08-SportsStore-Navigation and Cart\Page206.txt = Adam Freeman ProAspNetCore7\Chapter-08-SportsStore-Navigation and Cart\Page206.txt
		Adam Freeman ProAspNetCore7\Chapter-08-SportsStore-Navigation and Cart\Page207.txt = Adam Freeman ProAspNetCore7\Chapter-08-SportsStore-Navigation and Cart\Page207.txt
		Adam Freeman ProAspNetCore7\Chapter-08-SportsStore-Navigation and Cart\Page208.txt = Adam Freeman ProAspNetCore7\Chapter-08-SportsStore-Navigation and Cart\Page208.txt
		Adam Freeman ProAspNetCore7\Chapter-08-SportsStore-Navigation and Cart\Page209.txt = Adam Freeman ProAspNetCore7\Chapter-08-SportsStore-Navigation and Cart\Page209.txt
		Adam Freeman ProAspNetCore7\Chapter-08-SportsStore-Navigation and Cart\Page210.txt = Adam Freeman ProAspNetCore7\Chapter-08-SportsStore-Navigation and Cart\Page210.txt
	EndProjectSection
EndProject
Project("{2150E333-8FDC-42A3-9474-1A3956D46DE8}") = "Chapter-09-SportsStore Completing the Cart", "Chapter-09-SportsStore Completing the Cart", "{F0781CD2-5FBB-46BA-9B8C-14E1473DA874}"
	ProjectSection(SolutionItems) = preProject
		Adam Freeman ProAspNetCore7\Chapter-09-SportsStore Completing the Cart\Page211.txt = Adam Freeman ProAspNetCore7\Chapter-09-SportsStore Completing the Cart\Page211.txt
		Adam Freeman ProAspNetCore7\Chapter-09-SportsStore Completing the Cart\Page212.txt = Adam Freeman ProAspNetCore7\Chapter-09-SportsStore Completing the Cart\Page212.txt
		Adam Freeman ProAspNetCore7\Chapter-09-SportsStore Completing the Cart\Page213.txt = Adam Freeman ProAspNetCore7\Chapter-09-SportsStore Completing the Cart\Page213.txt
		Adam Freeman ProAspNetCore7\Chapter-09-SportsStore Completing the Cart\Page214.txt = Adam Freeman ProAspNetCore7\Chapter-09-SportsStore Completing the Cart\Page214.txt
		Adam Freeman ProAspNetCore7\Chapter-09-SportsStore Completing the Cart\Page215.txt = Adam Freeman ProAspNetCore7\Chapter-09-SportsStore Completing the Cart\Page215.txt
		Adam Freeman ProAspNetCore7\Chapter-09-SportsStore Completing the Cart\Page216.txt = Adam Freeman ProAspNetCore7\Chapter-09-SportsStore Completing the Cart\Page216.txt
		Adam Freeman ProAspNetCore7\Chapter-09-SportsStore Completing the Cart\Page217.txt = Adam Freeman ProAspNetCore7\Chapter-09-SportsStore Completing the Cart\Page217.txt
		Adam Freeman ProAspNetCore7\Chapter-09-SportsStore Completing the Cart\Page218.txt = Adam Freeman ProAspNetCore7\Chapter-09-SportsStore Completing the Cart\Page218.txt
		Adam Freeman ProAspNetCore7\Chapter-09-SportsStore Completing the Cart\Page219.txt = Adam Freeman ProAspNetCore7\Chapter-09-SportsStore Completing the Cart\Page219.txt
	EndProjectSection
EndProject
Project("{2150E333-8FDC-42A3-9474-1A3956D46DE8}") = "Глава 08 - Состояние приложения. Куки. Сессии", "Глава 08 - Состояние приложения. Куки. Сессии", "{5D29E005-9175-4DC7-BAF0-E7EA6FFC59AD}"
	ProjectSection(SolutionItems) = preProject
		Metanit.com\Руководство по ASP.NET Core 8\Глава 08 - Состояние приложения. Куки. Сессии\Страница 01 - HttpContext Items.txt = Metanit.com\Руководство по ASP.NET Core 8\Глава 08 - Состояние приложения. Куки. Сессии\Страница 01 - HttpContext Items.txt
		Metanit.com\Руководство по ASP.NET Core 8\Глава 08 - Состояние приложения. Куки. Сессии\Страница 02 - Cookie.txt = Metanit.com\Руководство по ASP.NET Core 8\Глава 08 - Состояние приложения. Куки. Сессии\Страница 02 - Cookie.txt
		Metanit.com\Руководство по ASP.NET Core 8\Глава 08 - Состояние приложения. Куки. Сессии\Страница 03 - Session.txt = Metanit.com\Руководство по ASP.NET Core 8\Глава 08 - Состояние приложения. Куки. Сессии\Страница 03 - Session.txt
	EndProjectSection
EndProject
Project("{FAE04EC0-301F-11D3-BF4B-00C04F79EFBC}") = "Chapter08-01", "Metanit.com\Руководство по ASP.NET Core 8\Глава 08 - Состояние приложения. Куки. Сессии\Chapter08-01\Chapter08-01.csproj", "{FBF9700F-15E9-49FC-A18C-DCCA8D6A8219}"
EndProject
Project("{FAE04EC0-301F-11D3-BF4B-00C04F79EFBC}") = "Chapter08-02", "Metanit.com\Руководство по ASP.NET Core 8\Глава 08 - Состояние приложения. Куки. Сессии\Chapter08-02\Chapter08-02.csproj", "{A8FDA7FF-C7D6-4DBA-8F6E-35C68DC0C17C}"
EndProject
Project("{FAE04EC0-301F-11D3-BF4B-00C04F79EFBC}") = "Chapter08-03", "Metanit.com\Руководство по ASP.NET Core 8\Глава 08 - Состояние приложения. Куки. Сессии\Chapter08-03\Chapter08-03.csproj", "{8E07F389-66B4-4F13-A268-D0E1AADF5658}"
EndProject
Project("{2150E333-8FDC-42A3-9474-1A3956D46DE8}") = "Глава 22 - Работа с файловой системой", "Глава 22 - Работа с файловой системой", "{A7BA2253-DD4A-41E3-B12D-819262814248}"
	ProjectSection(SolutionItems) = preProject
		Metanit.com\C# 13\Глава 22 - Работа с файловой системой\Page03 - Работа с файлами. Классы File и FileInfo.txt = Metanit.com\C# 13\Глава 22 - Работа с файловой системой\Page03 - Работа с файлами. Классы File и FileInfo.txt
		Metanit.com\C# 13\Глава 22 - Работа с файловой системой\Page05 - Чтение и запись текстовых файлов. StreamReader и StreamWriter.txt = Metanit.com\C# 13\Глава 22 - Работа с файловой системой\Page05 - Чтение и запись текстовых файлов. StreamReader и StreamWriter.txt
	EndProjectSection
EndProject
Project("{FAE04EC0-301F-11D3-BF4B-00C04F79EFBC}") = "Page05", "Metanit.com\C# 13\Глава 22 - Работа с файловой системой\Page05\Page05.csproj", "{EEB02A2D-21B1-4EA4-A402-7F1D04AB225B}"
EndProject
Project("{2150E333-8FDC-42A3-9474-1A3956D46DE8}") = "Solution Items", "Solution Items", "{02EA681E-C7D8-13C7-8484-4AC65E1B71E8}"
	ProjectSection(SolutionItems) = preProject
		.editorconfig = .editorconfig
	EndProjectSection
EndProject
Project("{FAE04EC0-301F-11D3-BF4B-00C04F79EFBC}") = "Page03", "Metanit.com\C# 13\Глава 22 - Работа с файловой системой\Page03\Page03.csproj", "{19EC0004-1113-413B-B9AF-41D43C665ADE}"
EndProject
Project("{FAE04EC0-301F-11D3-BF4B-00C04F79EFBC}") = "Page05", "Metanit.com\C# 13\Глава 10 - Коллекции\Page05\Page05\Page05.csproj", "{79F6003A-F352-40FE-ACE8-0B5766E8209F}"
EndProject
Project("{2150E333-8FDC-42A3-9474-1A3956D46DE8}") = "Глава 04 - Маршрутизация", "Глава 04 - Маршрутизация", "{B53F2213-1F81-4E6F-ADD5-F350DD932086}"
	ProjectSection(SolutionItems) = preProject
		Metanit.com\Руководство по ASP.NET Core 8\Глава 04 - Маршрутизация\Страница 01 - Конечные точки Метод Map.txt = Metanit.com\Руководство по ASP.NET Core 8\Глава 04 - Маршрутизация\Страница 01 - Конечные точки Метод Map.txt
	EndProjectSection
EndProject
Project("{2150E333-8FDC-42A3-9474-1A3956D46DE8}") = "Страница 01", "Страница 01", "{02AE52DE-2E47-4C8F-A9F5-A45D4C8CCEE5}"
EndProject
Project("{FAE04EC0-301F-11D3-BF4B-00C04F79EFBC}") = "Chapter04-01-01", "Metanit.com\Руководство по ASP.NET Core 8\Глава 04 - Маршрутизация\Страница 01\Chapter04-01-01\Chapter04-01-01.csproj", "{F0304FED-E930-4FD9-81C1-F9B0E6B1E698}"
EndProject
Project("{FAE04EC0-301F-11D3-BF4B-00C04F79EFBC}") = "Chapter04-01-02", "Metanit.com\Руководство по ASP.NET Core 8\Глава 04 - Маршрутизация\Страница 01\Chapter04-01-02\Chapter04-01-02.csproj", "{F7DB5956-9CA3-4AEE-8B90-DABF0E2D57C8}"
EndProject
Project("{FAE04EC0-301F-11D3-BF4B-00C04F79EFBC}") = "Chapter04-01-03", "Metanit.com\Руководство по ASP.NET Core 8\Глава 04 - Маршрутизация\Страница 01\Chapter04-01-03\Chapter04-01-03.csproj", "{C2DBA724-7DBE-4FFB-8473-2E9F4E72A102}"
EndProject
Project("{FAE04EC0-301F-11D3-BF4B-00C04F79EFBC}") = "Chapter04-01-04", "Metanit.com\Руководство по ASP.NET Core 8\Глава 04 - Маршрутизация\Страница 01\Chapter04-01-04\Chapter04-01-04.csproj", "{258A1141-E4AB-489B-94AE-86763AB6652D}"
EndProject
Project("{FAE04EC0-301F-11D3-BF4B-00C04F79EFBC}") = "Chapter04-01-05", "Metanit.com\Руководство по ASP.NET Core 8\Глава 04 - Маршрутизация\Страница 01\Chapter04-01-05\Chapter04-01-05.csproj", "{1032AECF-5A0A-4B62-B721-E7C2C01619A1}"
EndProject
Project("{FAE04EC0-301F-11D3-BF4B-00C04F79EFBC}") = "Chapter04-01-06", "Metanit.com\Руководство по ASP.NET Core 8\Глава 04 - Маршрутизация\Страница 01\Chapter04-01-06\Chapter04-01-06.csproj", "{D3EA72BA-19D2-4D7D-B3FB-0B1E84855EA1}"
EndProject
Project("{FAE04EC0-301F-11D3-BF4B-00C04F79EFBC}") = "Chapter04-01-07", "Metanit.com\Руководство по ASP.NET Core 8\Глава 04 - Маршрутизация\Страница 01\Chapter04-01-07\Chapter04-01-07.csproj", "{F57C5C96-B1D5-4196-897F-DAFF132727E1}"
EndProject
Project("{2150E333-8FDC-42A3-9474-1A3956D46DE8}") = "Blazor", "Blazor", "{44D5B14D-F2FD-4FEE-947B-2E6D975FE935}"
EndProject
Project("{2150E333-8FDC-42A3-9474-1A3956D46DE8}") = "Глава 01 - Введение в Blazor", "Глава 01 - Введение в Blazor", "{E9B90DF4-60DA-4EA0-9FCC-973AFE3CD8A0}"
	ProjectSection(SolutionItems) = preProject
		Metanit.com\Blazor\Глава 01 - Введение в Blazor\Page01 - Что такое Blazor.txt = Metanit.com\Blazor\Глава 01 - Введение в Blazor\Page01 - Что такое Blazor.txt
		Metanit.com\Blazor\Глава 01 - Введение в Blazor\Page02 - Первое приложение на Blazor.txt = Metanit.com\Blazor\Глава 01 - Введение в Blazor\Page02 - Первое приложение на Blazor.txt
		Metanit.com\Blazor\Глава 01 - Введение в Blazor\Page03 - Рендеринг на сервере.txt = Metanit.com\Blazor\Глава 01 - Введение в Blazor\Page03 - Рендеринг на сервере.txt
		Metanit.com\Blazor\Глава 01 - Введение в Blazor\Page04 - Рендеринг WebAssembly и авторендеринг.txt = Metanit.com\Blazor\Глава 01 - Введение в Blazor\Page04 - Рендеринг WebAssembly и авторендеринг.txt
		Metanit.com\Blazor\Глава 01 - Введение в Blazor\Page05 - Добавление Blazor в проект ASP.NET Core.txt = Metanit.com\Blazor\Глава 01 - Введение в Blazor\Page05 - Добавление Blazor в проект ASP.NET Core.txt
		Metanit.com\Blazor\Глава 01 - Введение в Blazor\Page06 - Blazor WebAssembly Первое приложение.txt = Metanit.com\Blazor\Глава 01 - Введение в Blazor\Page06 - Blazor WebAssembly Первое приложение.txt
	EndProjectSection
EndProject
Project("{FAE04EC0-301F-11D3-BF4B-00C04F79EFBC}") = "HelloBlazorApp", "Metanit.com\Blazor\Глава 01 - Введение в Blazor\HelloBlazorApp\HelloBlazorApp.csproj", "{D6859EAF-13E2-4925-80E8-2BB244EC3635}"
EndProject
Project("{FAE04EC0-301F-11D3-BF4B-00C04F79EFBC}") = "AddBlazorToAspNetCore", "Metanit.com\Blazor\Глава 01 - Введение в Blazor\AddBlazorToAspNetCore\AddBlazorToAspNetCore.csproj", "{11589F4D-1CB1-40C8-B471-C7B4A9B27B57}"
EndProject
Project("{FAE04EC0-301F-11D3-BF4B-00C04F79EFBC}") = "StaticRendering", "Metanit.com\Blazor\Глава 01 - Введение в Blazor\StaticRendering\StaticRendering.csproj", "{4F3955D1-2B8C-4C6D-AD6A-FE403EEA7145}"
EndProject
Project("{FAE04EC0-301F-11D3-BF4B-00C04F79EFBC}") = "ClientBlazorApp", "Metanit.com\Blazor\Глава 01 - Введение в Blazor\ClientBlazorApp\ClientBlazorApp\ClientBlazorApp.csproj", "{0A839E60-F38B-4FE9-BC4B-04690563430A}"
EndProject
Project("{FAE04EC0-301F-11D3-BF4B-00C04F79EFBC}") = "ClientBlazorApp.Client", "Metanit.com\Blazor\Глава 01 - Введение в Blazor\ClientBlazorApp\ClientBlazorApp.Client\ClientBlazorApp.Client.csproj", "{6C87A4A0-55FA-4C89-8656-D5281CF4B3B4}"
EndProject
Project("{FAE04EC0-301F-11D3-BF4B-00C04F79EFBC}") = "BlazorWasmApp", "Metanit.com\Blazor\Глава 01 - Введение в Blazor\BlazorWasmApp\BlazorWasmApp.csproj", "{72FF2A3C-C3DC-4952-B221-533A080A4BD4}"
EndProject
Project("{2150E333-8FDC-42A3-9474-1A3956D46DE8}") = "Глава 02 - Компоненты", "Глава 02 - Компоненты", "{CDD2C5BC-B0FB-45AA-B5BD-36AEE37E7FEE}"
	ProjectSection(SolutionItems) = preProject
		Metanit.com\Blazor\Глава 02 - Компоненты\Page01 - Установка главного компонента.txt = Metanit.com\Blazor\Глава 02 - Компоненты\Page01 - Установка главного компонента.txt
		Metanit.com\Blazor\Глава 02 - Компоненты\Page02 - Определение компонентов.txt = Metanit.com\Blazor\Глава 02 - Компоненты\Page02 - Определение компонентов.txt
		Metanit.com\Blazor\Глава 02 - Компоненты\Page03 - Вложенные компоненты. Параметры компонентов.txt = Metanit.com\Blazor\Глава 02 - Компоненты\Page03 - Вложенные компоненты. Параметры компонентов.txt
		Metanit.com\Blazor\Глава 02 - Компоненты\Page04 - Передача произвольного набора атрибутов.txt = Metanit.com\Blazor\Глава 02 - Компоненты\Page04 - Передача произвольного набора атрибутов.txt
		Metanit.com\Blazor\Глава 02 - Компоненты\Page05 - Обработка событий.txt = Metanit.com\Blazor\Глава 02 - Компоненты\Page05 - Обработка событий.txt
		Metanit.com\Blazor\Глава 02 - Компоненты\Page06 - Обработка событий вложенного компонента в родительском.txt = Metanit.com\Blazor\Глава 02 - Компоненты\Page06 - Обработка событий вложенного компонента в родительском.txt
		Metanit.com\Blazor\Глава 02 - Компоненты\Page07 - Привязка данных.txt = Metanit.com\Blazor\Глава 02 - Компоненты\Page07 - Привязка данных.txt
		Metanit.com\Blazor\Глава 02 - Компоненты\Page08 - Двусторонняя привязка и привязка параметров компонентов.txt = Metanit.com\Blazor\Глава 02 - Компоненты\Page08 - Двусторонняя привязка и привязка параметров компонентов.txt
		Metanit.com\Blazor\Глава 02 - Компоненты\Page09 - Каскадная передача значений.txt = Metanit.com\Blazor\Глава 02 - Компоненты\Page09 - Каскадная передача значений.txt
		Metanit.com\Blazor\Глава 02 - Компоненты\Page10 - Жизненный цикл компонентов.txt = Metanit.com\Blazor\Глава 02 - Компоненты\Page10 - Жизненный цикл компонентов.txt
		Metanit.com\Blazor\Глава 02 - Компоненты\Page11 - Внедрение зависимостей в компоненты Blazor.txt = Metanit.com\Blazor\Глава 02 - Компоненты\Page11 - Внедрение зависимостей в компоненты Blazor.txt
	EndProjectSection
EndProject
Project("{FAE04EC0-301F-11D3-BF4B-00C04F79EFBC}") = "BlazorApp", "Metanit.com\Blazor\Глава 02 - Компоненты\BlazorApp\BlazorApp.csproj", "{75E12541-CB9C-4E3E-AAA9-9CD31055EE2D}"
EndProject
Project("{FAE04EC0-301F-11D3-BF4B-00C04F79EFBC}") = "HelloEugene", "Metanit.com\Blazor\Глава 02 - Компоненты\HelloEugene\HelloEugene.csproj", "{3EB857DA-B993-4B41-B287-9A674E61B08E}"
EndProject
Project("{FAE04EC0-301F-11D3-BF4B-00C04F79EFBC}") = "NestedComponents", "Metanit.com\Blazor\Глава 02 - Компоненты\NestedComponents\NestedComponents.csproj", "{67337A40-F218-4678-A242-4E37145F1192}"
EndProject
Project("{FAE04EC0-301F-11D3-BF4B-00C04F79EFBC}") = "Attribute", "Metanit.com\Blazor\Глава 02 - Компоненты\Attribute\Attribute.csproj", "{B13745BD-2B6E-4379-AD4C-80F036CDBD10}"
EndProject
Project("{FAE04EC0-301F-11D3-BF4B-00C04F79EFBC}") = "EventHandler", "Metanit.com\Blazor\Глава 02 - Компоненты\EventHandler\EventHandler.csproj", "{82F8FEC1-0728-437F-8BC8-2582AABC0D68}"
EndProject
Project("{FAE04EC0-301F-11D3-BF4B-00C04F79EFBC}") = "EventCallback", "Metanit.com\Blazor\Глава 02 - Компоненты\EventCallback\EventCallback.csproj", "{92B9B314-DF3B-4876-BD6D-4E5CC2DAC8FB}"
EndProject
Project("{FAE04EC0-301F-11D3-BF4B-00C04F79EFBC}") = "BindAttribute", "Metanit.com\Blazor\Глава 02 - Компоненты\BindAttribute\BindAttribute.csproj", "{2960F0A7-6D3F-4EEA-902B-EFD1D8608669}"
EndProject
Project("{FAE04EC0-301F-11D3-BF4B-00C04F79EFBC}") = "BindGetSet", "Metanit.com\Blazor\Глава 02 - Компоненты\BindGetSet\BindGetSet.csproj", "{89FB682A-A6C4-40AA-9405-2A0E68E88E82}"
EndProject
Project("{FAE04EC0-301F-11D3-BF4B-00C04F79EFBC}") = "CascadingValue", "Metanit.com\Blazor\Глава 02 - Компоненты\CascadingValue\CascadingValue.csproj", "{6F479F05-7F36-4B24-B365-DAB62708216B}"
EndProject
Project("{FAE04EC0-301F-11D3-BF4B-00C04F79EFBC}") = "LifeCycle", "Metanit.com\Blazor\Глава 02 - Компоненты\LifeCycle\LifeCycle.csproj", "{E78F7715-4CB4-4D53-AF64-8AB4F82A8575}"
EndProject
Project("{FAE04EC0-301F-11D3-BF4B-00C04F79EFBC}") = "DI", "Metanit.com\Blazor\Глава 02 - Компоненты\DI\DI.csproj", "{5F2C0E82-1101-4A50-96AF-FE33884C513C}"
EndProject
Project("{2150E333-8FDC-42A3-9474-1A3956D46DE8}") = "MicrosoftTutorials", "MicrosoftTutorials", "{34F3D23B-25FE-42CE-A8CD-C71ECB530B9E}"
EndProject
Project("{FAE04EC0-301F-11D3-BF4B-00C04F79EFBC}") = "BlazorWebAppMovies", "MicrosoftTutorials\BlazorWebAppMovies\BlazorWebAppMovies.csproj", "{44A92C10-1CC7-421F-8C3B-55C882B36163}"
EndProject
Project("{FAE04EC0-301F-11D3-BF4B-00C04F79EFBC}") = "LtuManagment", "LtuManagment\LtuManagment.csproj", "{2F22FB34-EEED-48D0-A42B-47002D374203}"
EndProject
Project("{FAE04EC0-301F-11D3-BF4B-00C04F79EFBC}") = "MvcWithBlazor", "MicrosoftTutorials\MvcWithBlazor\MvcWithBlazor.csproj", "{C3B0BF7C-6DB5-EB6F-D72D-169BFE0C19B2}"
EndProject
Global
	GlobalSection(SolutionConfigurationPlatforms) = preSolution
		Debug|Any CPU = Debug|Any CPU
		Release|Any CPU = Release|Any CPU
	EndGlobalSection
	GlobalSection(ProjectConfigurationPlatforms) = postSolution
		{05F99654-47F2-44B3-9DB4-86301D51EC05}.Debug|Any CPU.ActiveCfg = Debug|Any CPU
		{05F99654-47F2-44B3-9DB4-86301D51EC05}.Debug|Any CPU.Build.0 = Debug|Any CPU
		{05F99654-47F2-44B3-9DB4-86301D51EC05}.Release|Any CPU.ActiveCfg = Release|Any CPU
		{05F99654-47F2-44B3-9DB4-86301D51EC05}.Release|Any CPU.Build.0 = Release|Any CPU
		{9BC852D7-EF45-41F8-B6D5-417CC3938DBE}.Debug|Any CPU.ActiveCfg = Debug|Any CPU
		{9BC852D7-EF45-41F8-B6D5-417CC3938DBE}.Debug|Any CPU.Build.0 = Debug|Any CPU
		{9BC852D7-EF45-41F8-B6D5-417CC3938DBE}.Release|Any CPU.ActiveCfg = Release|Any CPU
		{9BC852D7-EF45-41F8-B6D5-417CC3938DBE}.Release|Any CPU.Build.0 = Release|Any CPU
		{ECFB151D-1304-4946-9E2F-AEA1AE299139}.Debug|Any CPU.ActiveCfg = Debug|Any CPU
		{ECFB151D-1304-4946-9E2F-AEA1AE299139}.Debug|Any CPU.Build.0 = Debug|Any CPU
		{ECFB151D-1304-4946-9E2F-AEA1AE299139}.Release|Any CPU.ActiveCfg = Release|Any CPU
		{ECFB151D-1304-4946-9E2F-AEA1AE299139}.Release|Any CPU.Build.0 = Release|Any CPU
		{610E8A56-5298-427E-86CB-F1BE66E2B7AF}.Debug|Any CPU.ActiveCfg = Debug|Any CPU
		{610E8A56-5298-427E-86CB-F1BE66E2B7AF}.Debug|Any CPU.Build.0 = Debug|Any CPU
		{610E8A56-5298-427E-86CB-F1BE66E2B7AF}.Release|Any CPU.ActiveCfg = Debug|Any CPU
		{610E8A56-5298-427E-86CB-F1BE66E2B7AF}.Release|Any CPU.Build.0 = Debug|Any CPU
		{60E96745-39DE-41ED-A414-E8E342652ADC}.Debug|Any CPU.ActiveCfg = Debug|Any CPU
		{60E96745-39DE-41ED-A414-E8E342652ADC}.Debug|Any CPU.Build.0 = Debug|Any CPU
		{60E96745-39DE-41ED-A414-E8E342652ADC}.Release|Any CPU.ActiveCfg = Release|Any CPU
		{60E96745-39DE-41ED-A414-E8E342652ADC}.Release|Any CPU.Build.0 = Release|Any CPU
		{2F346098-6647-4B8E-BA89-F74E5EEEA7CF}.Debug|Any CPU.ActiveCfg = Debug|Any CPU
		{2F346098-6647-4B8E-BA89-F74E5EEEA7CF}.Debug|Any CPU.Build.0 = Debug|Any CPU
		{2F346098-6647-4B8E-BA89-F74E5EEEA7CF}.Release|Any CPU.ActiveCfg = Release|Any CPU
		{2F346098-6647-4B8E-BA89-F74E5EEEA7CF}.Release|Any CPU.Build.0 = Release|Any CPU
		{90391051-10EE-4733-85D9-6B039E8B1354}.Debug|Any CPU.ActiveCfg = Debug|Any CPU
		{90391051-10EE-4733-85D9-6B039E8B1354}.Debug|Any CPU.Build.0 = Debug|Any CPU
		{90391051-10EE-4733-85D9-6B039E8B1354}.Release|Any CPU.ActiveCfg = Release|Any CPU
		{90391051-10EE-4733-85D9-6B039E8B1354}.Release|Any CPU.Build.0 = Release|Any CPU
		{FDD0A654-64F6-4C8E-8F35-1CD87EE5E8C1}.Debug|Any CPU.ActiveCfg = Debug|Any CPU
		{FDD0A654-64F6-4C8E-8F35-1CD87EE5E8C1}.Debug|Any CPU.Build.0 = Debug|Any CPU
		{FDD0A654-64F6-4C8E-8F35-1CD87EE5E8C1}.Release|Any CPU.ActiveCfg = Release|Any CPU
		{FDD0A654-64F6-4C8E-8F35-1CD87EE5E8C1}.Release|Any CPU.Build.0 = Release|Any CPU
		{FF128DD8-FF58-47B2-88D4-C07518B21B2A}.Debug|Any CPU.ActiveCfg = Debug|Any CPU
		{FF128DD8-FF58-47B2-88D4-C07518B21B2A}.Debug|Any CPU.Build.0 = Debug|Any CPU
		{FF128DD8-FF58-47B2-88D4-C07518B21B2A}.Release|Any CPU.ActiveCfg = Release|Any CPU
		{FF128DD8-FF58-47B2-88D4-C07518B21B2A}.Release|Any CPU.Build.0 = Release|Any CPU
		{508E3DCF-DA3C-467A-86AD-B409740874C5}.Debug|Any CPU.ActiveCfg = Debug|Any CPU
		{508E3DCF-DA3C-467A-86AD-B409740874C5}.Debug|Any CPU.Build.0 = Debug|Any CPU
		{508E3DCF-DA3C-467A-86AD-B409740874C5}.Release|Any CPU.ActiveCfg = Release|Any CPU
		{508E3DCF-DA3C-467A-86AD-B409740874C5}.Release|Any CPU.Build.0 = Release|Any CPU
		{0A03FEA8-9B33-4345-BE83-1F457397DCA0}.Debug|Any CPU.ActiveCfg = Debug|Any CPU
		{0A03FEA8-9B33-4345-BE83-1F457397DCA0}.Debug|Any CPU.Build.0 = Debug|Any CPU
		{0A03FEA8-9B33-4345-BE83-1F457397DCA0}.Release|Any CPU.ActiveCfg = Release|Any CPU
		{0A03FEA8-9B33-4345-BE83-1F457397DCA0}.Release|Any CPU.Build.0 = Release|Any CPU
		{A42BDC45-5FCD-43B5-945F-111135949ED0}.Debug|Any CPU.ActiveCfg = Debug|Any CPU
		{A42BDC45-5FCD-43B5-945F-111135949ED0}.Debug|Any CPU.Build.0 = Debug|Any CPU
		{A42BDC45-5FCD-43B5-945F-111135949ED0}.Release|Any CPU.ActiveCfg = Release|Any CPU
		{A42BDC45-5FCD-43B5-945F-111135949ED0}.Release|Any CPU.Build.0 = Release|Any CPU
		{7F2F8053-2DF5-4917-B19D-85FA82B48BD2}.Debug|Any CPU.ActiveCfg = Debug|Any CPU
		{7F2F8053-2DF5-4917-B19D-85FA82B48BD2}.Debug|Any CPU.Build.0 = Debug|Any CPU
		{7F2F8053-2DF5-4917-B19D-85FA82B48BD2}.Release|Any CPU.ActiveCfg = Release|Any CPU
		{7F2F8053-2DF5-4917-B19D-85FA82B48BD2}.Release|Any CPU.Build.0 = Release|Any CPU
		{0D129FE2-4040-449E-8862-BCA9892D384D}.Debug|Any CPU.ActiveCfg = Debug|Any CPU
		{0D129FE2-4040-449E-8862-BCA9892D384D}.Debug|Any CPU.Build.0 = Debug|Any CPU
		{0D129FE2-4040-449E-8862-BCA9892D384D}.Release|Any CPU.ActiveCfg = Release|Any CPU
		{0D129FE2-4040-449E-8862-BCA9892D384D}.Release|Any CPU.Build.0 = Release|Any CPU
		{E575C154-F24F-4F35-A2B6-722738A8AC62}.Debug|Any CPU.ActiveCfg = Debug|Any CPU
		{E575C154-F24F-4F35-A2B6-722738A8AC62}.Debug|Any CPU.Build.0 = Debug|Any CPU
		{E575C154-F24F-4F35-A2B6-722738A8AC62}.Release|Any CPU.ActiveCfg = Release|Any CPU
		{E575C154-F24F-4F35-A2B6-722738A8AC62}.Release|Any CPU.Build.0 = Release|Any CPU
		{64DAAD68-7B15-4FB6-B291-F189C9DE366C}.Debug|Any CPU.ActiveCfg = Debug|Any CPU
		{64DAAD68-7B15-4FB6-B291-F189C9DE366C}.Debug|Any CPU.Build.0 = Debug|Any CPU
		{64DAAD68-7B15-4FB6-B291-F189C9DE366C}.Release|Any CPU.ActiveCfg = Release|Any CPU
		{64DAAD68-7B15-4FB6-B291-F189C9DE366C}.Release|Any CPU.Build.0 = Release|Any CPU
		{3B04411B-B2C6-404F-A47B-64B7BE36711A}.Debug|Any CPU.ActiveCfg = Debug|Any CPU
		{3B04411B-B2C6-404F-A47B-64B7BE36711A}.Debug|Any CPU.Build.0 = Debug|Any CPU
		{3B04411B-B2C6-404F-A47B-64B7BE36711A}.Release|Any CPU.ActiveCfg = Release|Any CPU
		{3B04411B-B2C6-404F-A47B-64B7BE36711A}.Release|Any CPU.Build.0 = Release|Any CPU
		{7F21E64B-C3D5-4105-9333-3F18FA10B1A3}.Debug|Any CPU.ActiveCfg = Debug|Any CPU
		{7F21E64B-C3D5-4105-9333-3F18FA10B1A3}.Debug|Any CPU.Build.0 = Debug|Any CPU
		{7F21E64B-C3D5-4105-9333-3F18FA10B1A3}.Release|Any CPU.ActiveCfg = Release|Any CPU
		{7F21E64B-C3D5-4105-9333-3F18FA10B1A3}.Release|Any CPU.Build.0 = Release|Any CPU
		{C455B081-BE62-4D0F-A160-6E1AA6F8227B}.Debug|Any CPU.ActiveCfg = Debug|Any CPU
		{C455B081-BE62-4D0F-A160-6E1AA6F8227B}.Debug|Any CPU.Build.0 = Debug|Any CPU
		{C455B081-BE62-4D0F-A160-6E1AA6F8227B}.Release|Any CPU.ActiveCfg = Release|Any CPU
		{C455B081-BE62-4D0F-A160-6E1AA6F8227B}.Release|Any CPU.Build.0 = Release|Any CPU
		{49D31A84-916F-435D-ABFF-DE0E3E2CB155}.Debug|Any CPU.ActiveCfg = Debug|Any CPU
		{49D31A84-916F-435D-ABFF-DE0E3E2CB155}.Debug|Any CPU.Build.0 = Debug|Any CPU
		{49D31A84-916F-435D-ABFF-DE0E3E2CB155}.Release|Any CPU.ActiveCfg = Release|Any CPU
		{49D31A84-916F-435D-ABFF-DE0E3E2CB155}.Release|Any CPU.Build.0 = Release|Any CPU
		{3332E26C-BE19-44D1-885D-5DC17493ED3F}.Debug|Any CPU.ActiveCfg = Debug|Any CPU
		{3332E26C-BE19-44D1-885D-5DC17493ED3F}.Debug|Any CPU.Build.0 = Debug|Any CPU
		{3332E26C-BE19-44D1-885D-5DC17493ED3F}.Release|Any CPU.ActiveCfg = Release|Any CPU
		{3332E26C-BE19-44D1-885D-5DC17493ED3F}.Release|Any CPU.Build.0 = Release|Any CPU
		{95265512-084A-4787-9D23-58818F87C926}.Debug|Any CPU.ActiveCfg = Debug|Any CPU
		{95265512-084A-4787-9D23-58818F87C926}.Debug|Any CPU.Build.0 = Debug|Any CPU
		{95265512-084A-4787-9D23-58818F87C926}.Release|Any CPU.ActiveCfg = Release|Any CPU
		{95265512-084A-4787-9D23-58818F87C926}.Release|Any CPU.Build.0 = Release|Any CPU
		{E6600BCE-7D33-4770-8F29-C54CD24A37B3}.Debug|Any CPU.ActiveCfg = Debug|Any CPU
		{E6600BCE-7D33-4770-8F29-C54CD24A37B3}.Debug|Any CPU.Build.0 = Debug|Any CPU
		{E6600BCE-7D33-4770-8F29-C54CD24A37B3}.Release|Any CPU.ActiveCfg = Release|Any CPU
		{E6600BCE-7D33-4770-8F29-C54CD24A37B3}.Release|Any CPU.Build.0 = Release|Any CPU
		{1CE27474-43B3-4FAC-90C9-BFFFF77B3339}.Debug|Any CPU.ActiveCfg = Debug|Any CPU
		{1CE27474-43B3-4FAC-90C9-BFFFF77B3339}.Debug|Any CPU.Build.0 = Debug|Any CPU
		{1CE27474-43B3-4FAC-90C9-BFFFF77B3339}.Release|Any CPU.ActiveCfg = Release|Any CPU
		{1CE27474-43B3-4FAC-90C9-BFFFF77B3339}.Release|Any CPU.Build.0 = Release|Any CPU
		{3AF38AB7-3541-4FEF-AEE6-6944E4263CF2}.Debug|Any CPU.ActiveCfg = Debug|Any CPU
		{3AF38AB7-3541-4FEF-AEE6-6944E4263CF2}.Debug|Any CPU.Build.0 = Debug|Any CPU
		{3AF38AB7-3541-4FEF-AEE6-6944E4263CF2}.Release|Any CPU.ActiveCfg = Release|Any CPU
		{3AF38AB7-3541-4FEF-AEE6-6944E4263CF2}.Release|Any CPU.Build.0 = Release|Any CPU
		{F37B9D3C-2699-41D8-811D-4B29C53E7CB2}.Debug|Any CPU.ActiveCfg = Debug|Any CPU
		{F37B9D3C-2699-41D8-811D-4B29C53E7CB2}.Debug|Any CPU.Build.0 = Debug|Any CPU
		{F37B9D3C-2699-41D8-811D-4B29C53E7CB2}.Release|Any CPU.ActiveCfg = Release|Any CPU
		{F37B9D3C-2699-41D8-811D-4B29C53E7CB2}.Release|Any CPU.Build.0 = Release|Any CPU
		{738F133C-B70B-43A5-A57A-CDA302A3E7CA}.Debug|Any CPU.ActiveCfg = Debug|Any CPU
		{738F133C-B70B-43A5-A57A-CDA302A3E7CA}.Debug|Any CPU.Build.0 = Debug|Any CPU
		{738F133C-B70B-43A5-A57A-CDA302A3E7CA}.Release|Any CPU.ActiveCfg = Release|Any CPU
		{738F133C-B70B-43A5-A57A-CDA302A3E7CA}.Release|Any CPU.Build.0 = Release|Any CPU
		{D789BC5E-A295-44F9-8416-82838FE8AE76}.Debug|Any CPU.ActiveCfg = Debug|Any CPU
		{D789BC5E-A295-44F9-8416-82838FE8AE76}.Debug|Any CPU.Build.0 = Debug|Any CPU
		{D789BC5E-A295-44F9-8416-82838FE8AE76}.Release|Any CPU.ActiveCfg = Release|Any CPU
		{D789BC5E-A295-44F9-8416-82838FE8AE76}.Release|Any CPU.Build.0 = Release|Any CPU
		{FBF9700F-15E9-49FC-A18C-DCCA8D6A8219}.Debug|Any CPU.ActiveCfg = Debug|Any CPU
		{FBF9700F-15E9-49FC-A18C-DCCA8D6A8219}.Debug|Any CPU.Build.0 = Debug|Any CPU
		{FBF9700F-15E9-49FC-A18C-DCCA8D6A8219}.Release|Any CPU.ActiveCfg = Release|Any CPU
		{FBF9700F-15E9-49FC-A18C-DCCA8D6A8219}.Release|Any CPU.Build.0 = Release|Any CPU
		{A8FDA7FF-C7D6-4DBA-8F6E-35C68DC0C17C}.Debug|Any CPU.ActiveCfg = Debug|Any CPU
		{A8FDA7FF-C7D6-4DBA-8F6E-35C68DC0C17C}.Debug|Any CPU.Build.0 = Debug|Any CPU
		{A8FDA7FF-C7D6-4DBA-8F6E-35C68DC0C17C}.Release|Any CPU.ActiveCfg = Release|Any CPU
		{A8FDA7FF-C7D6-4DBA-8F6E-35C68DC0C17C}.Release|Any CPU.Build.0 = Release|Any CPU
		{8E07F389-66B4-4F13-A268-D0E1AADF5658}.Debug|Any CPU.ActiveCfg = Debug|Any CPU
		{8E07F389-66B4-4F13-A268-D0E1AADF5658}.Debug|Any CPU.Build.0 = Debug|Any CPU
		{8E07F389-66B4-4F13-A268-D0E1AADF5658}.Release|Any CPU.ActiveCfg = Release|Any CPU
		{8E07F389-66B4-4F13-A268-D0E1AADF5658}.Release|Any CPU.Build.0 = Release|Any CPU
		{EEB02A2D-21B1-4EA4-A402-7F1D04AB225B}.Debug|Any CPU.ActiveCfg = Debug|Any CPU
		{EEB02A2D-21B1-4EA4-A402-7F1D04AB225B}.Debug|Any CPU.Build.0 = Debug|Any CPU
		{EEB02A2D-21B1-4EA4-A402-7F1D04AB225B}.Release|Any CPU.ActiveCfg = Release|Any CPU
		{EEB02A2D-21B1-4EA4-A402-7F1D04AB225B}.Release|Any CPU.Build.0 = Release|Any CPU
		{19EC0004-1113-413B-B9AF-41D43C665ADE}.Debug|Any CPU.ActiveCfg = Debug|Any CPU
		{19EC0004-1113-413B-B9AF-41D43C665ADE}.Debug|Any CPU.Build.0 = Debug|Any CPU
		{19EC0004-1113-413B-B9AF-41D43C665ADE}.Release|Any CPU.ActiveCfg = Release|Any CPU
		{19EC0004-1113-413B-B9AF-41D43C665ADE}.Release|Any CPU.Build.0 = Release|Any CPU
		{79F6003A-F352-40FE-ACE8-0B5766E8209F}.Debug|Any CPU.ActiveCfg = Debug|Any CPU
		{79F6003A-F352-40FE-ACE8-0B5766E8209F}.Debug|Any CPU.Build.0 = Debug|Any CPU
		{79F6003A-F352-40FE-ACE8-0B5766E8209F}.Release|Any CPU.ActiveCfg = Release|Any CPU
		{79F6003A-F352-40FE-ACE8-0B5766E8209F}.Release|Any CPU.Build.0 = Release|Any CPU
		{F0304FED-E930-4FD9-81C1-F9B0E6B1E698}.Debug|Any CPU.ActiveCfg = Debug|Any CPU
		{F0304FED-E930-4FD9-81C1-F9B0E6B1E698}.Debug|Any CPU.Build.0 = Debug|Any CPU
		{F0304FED-E930-4FD9-81C1-F9B0E6B1E698}.Release|Any CPU.ActiveCfg = Release|Any CPU
		{F0304FED-E930-4FD9-81C1-F9B0E6B1E698}.Release|Any CPU.Build.0 = Release|Any CPU
		{F7DB5956-9CA3-4AEE-8B90-DABF0E2D57C8}.Debug|Any CPU.ActiveCfg = Debug|Any CPU
		{F7DB5956-9CA3-4AEE-8B90-DABF0E2D57C8}.Debug|Any CPU.Build.0 = Debug|Any CPU
		{F7DB5956-9CA3-4AEE-8B90-DABF0E2D57C8}.Release|Any CPU.ActiveCfg = Release|Any CPU
		{F7DB5956-9CA3-4AEE-8B90-DABF0E2D57C8}.Release|Any CPU.Build.0 = Release|Any CPU
		{C2DBA724-7DBE-4FFB-8473-2E9F4E72A102}.Debug|Any CPU.ActiveCfg = Debug|Any CPU
		{C2DBA724-7DBE-4FFB-8473-2E9F4E72A102}.Debug|Any CPU.Build.0 = Debug|Any CPU
		{C2DBA724-7DBE-4FFB-8473-2E9F4E72A102}.Release|Any CPU.ActiveCfg = Release|Any CPU
		{C2DBA724-7DBE-4FFB-8473-2E9F4E72A102}.Release|Any CPU.Build.0 = Release|Any CPU
		{258A1141-E4AB-489B-94AE-86763AB6652D}.Debug|Any CPU.ActiveCfg = Debug|Any CPU
		{258A1141-E4AB-489B-94AE-86763AB6652D}.Debug|Any CPU.Build.0 = Debug|Any CPU
		{258A1141-E4AB-489B-94AE-86763AB6652D}.Release|Any CPU.ActiveCfg = Release|Any CPU
		{258A1141-E4AB-489B-94AE-86763AB6652D}.Release|Any CPU.Build.0 = Release|Any CPU
		{1032AECF-5A0A-4B62-B721-E7C2C01619A1}.Debug|Any CPU.ActiveCfg = Debug|Any CPU
		{1032AECF-5A0A-4B62-B721-E7C2C01619A1}.Debug|Any CPU.Build.0 = Debug|Any CPU
		{1032AECF-5A0A-4B62-B721-E7C2C01619A1}.Release|Any CPU.ActiveCfg = Release|Any CPU
		{1032AECF-5A0A-4B62-B721-E7C2C01619A1}.Release|Any CPU.Build.0 = Release|Any CPU
		{D3EA72BA-19D2-4D7D-B3FB-0B1E84855EA1}.Debug|Any CPU.ActiveCfg = Debug|Any CPU
		{D3EA72BA-19D2-4D7D-B3FB-0B1E84855EA1}.Debug|Any CPU.Build.0 = Debug|Any CPU
		{D3EA72BA-19D2-4D7D-B3FB-0B1E84855EA1}.Release|Any CPU.ActiveCfg = Release|Any CPU
		{D3EA72BA-19D2-4D7D-B3FB-0B1E84855EA1}.Release|Any CPU.Build.0 = Release|Any CPU
		{F57C5C96-B1D5-4196-897F-DAFF132727E1}.Debug|Any CPU.ActiveCfg = Debug|Any CPU
		{F57C5C96-B1D5-4196-897F-DAFF132727E1}.Debug|Any CPU.Build.0 = Debug|Any CPU
		{F57C5C96-B1D5-4196-897F-DAFF132727E1}.Release|Any CPU.ActiveCfg = Release|Any CPU
		{F57C5C96-B1D5-4196-897F-DAFF132727E1}.Release|Any CPU.Build.0 = Release|Any CPU
		{D6859EAF-13E2-4925-80E8-2BB244EC3635}.Debug|Any CPU.ActiveCfg = Debug|Any CPU
		{D6859EAF-13E2-4925-80E8-2BB244EC3635}.Debug|Any CPU.Build.0 = Debug|Any CPU
		{D6859EAF-13E2-4925-80E8-2BB244EC3635}.Release|Any CPU.ActiveCfg = Release|Any CPU
		{D6859EAF-13E2-4925-80E8-2BB244EC3635}.Release|Any CPU.Build.0 = Release|Any CPU
		{11589F4D-1CB1-40C8-B471-C7B4A9B27B57}.Debug|Any CPU.ActiveCfg = Debug|Any CPU
		{11589F4D-1CB1-40C8-B471-C7B4A9B27B57}.Debug|Any CPU.Build.0 = Debug|Any CPU
		{11589F4D-1CB1-40C8-B471-C7B4A9B27B57}.Release|Any CPU.ActiveCfg = Release|Any CPU
		{11589F4D-1CB1-40C8-B471-C7B4A9B27B57}.Release|Any CPU.Build.0 = Release|Any CPU
		{4F3955D1-2B8C-4C6D-AD6A-FE403EEA7145}.Debug|Any CPU.ActiveCfg = Debug|Any CPU
		{4F3955D1-2B8C-4C6D-AD6A-FE403EEA7145}.Debug|Any CPU.Build.0 = Debug|Any CPU
		{4F3955D1-2B8C-4C6D-AD6A-FE403EEA7145}.Release|Any CPU.ActiveCfg = Release|Any CPU
		{4F3955D1-2B8C-4C6D-AD6A-FE403EEA7145}.Release|Any CPU.Build.0 = Release|Any CPU
		{0A839E60-F38B-4FE9-BC4B-04690563430A}.Debug|Any CPU.ActiveCfg = Debug|Any CPU
		{0A839E60-F38B-4FE9-BC4B-04690563430A}.Debug|Any CPU.Build.0 = Debug|Any CPU
		{0A839E60-F38B-4FE9-BC4B-04690563430A}.Release|Any CPU.ActiveCfg = Release|Any CPU
		{0A839E60-F38B-4FE9-BC4B-04690563430A}.Release|Any CPU.Build.0 = Release|Any CPU
		{6C87A4A0-55FA-4C89-8656-D5281CF4B3B4}.Debug|Any CPU.ActiveCfg = Debug|Any CPU
		{6C87A4A0-55FA-4C89-8656-D5281CF4B3B4}.Debug|Any CPU.Build.0 = Debug|Any CPU
		{6C87A4A0-55FA-4C89-8656-D5281CF4B3B4}.Release|Any CPU.ActiveCfg = Release|Any CPU
		{6C87A4A0-55FA-4C89-8656-D5281CF4B3B4}.Release|Any CPU.Build.0 = Release|Any CPU
		{72FF2A3C-C3DC-4952-B221-533A080A4BD4}.Debug|Any CPU.ActiveCfg = Debug|Any CPU
		{72FF2A3C-C3DC-4952-B221-533A080A4BD4}.Debug|Any CPU.Build.0 = Debug|Any CPU
		{72FF2A3C-C3DC-4952-B221-533A080A4BD4}.Release|Any CPU.ActiveCfg = Release|Any CPU
		{72FF2A3C-C3DC-4952-B221-533A080A4BD4}.Release|Any CPU.Build.0 = Release|Any CPU
		{75E12541-CB9C-4E3E-AAA9-9CD31055EE2D}.Debug|Any CPU.ActiveCfg = Debug|Any CPU
		{75E12541-CB9C-4E3E-AAA9-9CD31055EE2D}.Debug|Any CPU.Build.0 = Debug|Any CPU
		{75E12541-CB9C-4E3E-AAA9-9CD31055EE2D}.Release|Any CPU.ActiveCfg = Release|Any CPU
		{75E12541-CB9C-4E3E-AAA9-9CD31055EE2D}.Release|Any CPU.Build.0 = Release|Any CPU
		{3EB857DA-B993-4B41-B287-9A674E61B08E}.Debug|Any CPU.ActiveCfg = Debug|Any CPU
		{3EB857DA-B993-4B41-B287-9A674E61B08E}.Debug|Any CPU.Build.0 = Debug|Any CPU
		{3EB857DA-B993-4B41-B287-9A674E61B08E}.Release|Any CPU.ActiveCfg = Release|Any CPU
		{3EB857DA-B993-4B41-B287-9A674E61B08E}.Release|Any CPU.Build.0 = Release|Any CPU
		{67337A40-F218-4678-A242-4E37145F1192}.Debug|Any CPU.ActiveCfg = Debug|Any CPU
		{67337A40-F218-4678-A242-4E37145F1192}.Debug|Any CPU.Build.0 = Debug|Any CPU
		{67337A40-F218-4678-A242-4E37145F1192}.Release|Any CPU.ActiveCfg = Release|Any CPU
		{67337A40-F218-4678-A242-4E37145F1192}.Release|Any CPU.Build.0 = Release|Any CPU
		{B13745BD-2B6E-4379-AD4C-80F036CDBD10}.Debug|Any CPU.ActiveCfg = Debug|Any CPU
		{B13745BD-2B6E-4379-AD4C-80F036CDBD10}.Debug|Any CPU.Build.0 = Debug|Any CPU
		{B13745BD-2B6E-4379-AD4C-80F036CDBD10}.Release|Any CPU.ActiveCfg = Release|Any CPU
		{B13745BD-2B6E-4379-AD4C-80F036CDBD10}.Release|Any CPU.Build.0 = Release|Any CPU
		{82F8FEC1-0728-437F-8BC8-2582AABC0D68}.Debug|Any CPU.ActiveCfg = Debug|Any CPU
		{82F8FEC1-0728-437F-8BC8-2582AABC0D68}.Debug|Any CPU.Build.0 = Debug|Any CPU
		{82F8FEC1-0728-437F-8BC8-2582AABC0D68}.Release|Any CPU.ActiveCfg = Release|Any CPU
		{82F8FEC1-0728-437F-8BC8-2582AABC0D68}.Release|Any CPU.Build.0 = Release|Any CPU
		{92B9B314-DF3B-4876-BD6D-4E5CC2DAC8FB}.Debug|Any CPU.ActiveCfg = Debug|Any CPU
		{92B9B314-DF3B-4876-BD6D-4E5CC2DAC8FB}.Debug|Any CPU.Build.0 = Debug|Any CPU
		{92B9B314-DF3B-4876-BD6D-4E5CC2DAC8FB}.Release|Any CPU.ActiveCfg = Release|Any CPU
		{92B9B314-DF3B-4876-BD6D-4E5CC2DAC8FB}.Release|Any CPU.Build.0 = Release|Any CPU
		{2960F0A7-6D3F-4EEA-902B-EFD1D8608669}.Debug|Any CPU.ActiveCfg = Debug|Any CPU
		{2960F0A7-6D3F-4EEA-902B-EFD1D8608669}.Debug|Any CPU.Build.0 = Debug|Any CPU
		{2960F0A7-6D3F-4EEA-902B-EFD1D8608669}.Release|Any CPU.ActiveCfg = Release|Any CPU
		{2960F0A7-6D3F-4EEA-902B-EFD1D8608669}.Release|Any CPU.Build.0 = Release|Any CPU
		{89FB682A-A6C4-40AA-9405-2A0E68E88E82}.Debug|Any CPU.ActiveCfg = Debug|Any CPU
		{89FB682A-A6C4-40AA-9405-2A0E68E88E82}.Debug|Any CPU.Build.0 = Debug|Any CPU
		{89FB682A-A6C4-40AA-9405-2A0E68E88E82}.Release|Any CPU.ActiveCfg = Release|Any CPU
		{89FB682A-A6C4-40AA-9405-2A0E68E88E82}.Release|Any CPU.Build.0 = Release|Any CPU
		{6F479F05-7F36-4B24-B365-DAB62708216B}.Debug|Any CPU.ActiveCfg = Debug|Any CPU
		{6F479F05-7F36-4B24-B365-DAB62708216B}.Debug|Any CPU.Build.0 = Debug|Any CPU
		{6F479F05-7F36-4B24-B365-DAB62708216B}.Release|Any CPU.ActiveCfg = Release|Any CPU
		{6F479F05-7F36-4B24-B365-DAB62708216B}.Release|Any CPU.Build.0 = Release|Any CPU
		{E78F7715-4CB4-4D53-AF64-8AB4F82A8575}.Debug|Any CPU.ActiveCfg = Debug|Any CPU
		{E78F7715-4CB4-4D53-AF64-8AB4F82A8575}.Debug|Any CPU.Build.0 = Debug|Any CPU
		{E78F7715-4CB4-4D53-AF64-8AB4F82A8575}.Release|Any CPU.ActiveCfg = Release|Any CPU
		{E78F7715-4CB4-4D53-AF64-8AB4F82A8575}.Release|Any CPU.Build.0 = Release|Any CPU
		{5F2C0E82-1101-4A50-96AF-FE33884C513C}.Debug|Any CPU.ActiveCfg = Debug|Any CPU
		{5F2C0E82-1101-4A50-96AF-FE33884C513C}.Debug|Any CPU.Build.0 = Debug|Any CPU
		{5F2C0E82-1101-4A50-96AF-FE33884C513C}.Release|Any CPU.ActiveCfg = Release|Any CPU
		{5F2C0E82-1101-4A50-96AF-FE33884C513C}.Release|Any CPU.Build.0 = Release|Any CPU
		{44A92C10-1CC7-421F-8C3B-55C882B36163}.Debug|Any CPU.ActiveCfg = Debug|Any CPU
		{44A92C10-1CC7-421F-8C3B-55C882B36163}.Debug|Any CPU.Build.0 = Debug|Any CPU
		{44A92C10-1CC7-421F-8C3B-55C882B36163}.Release|Any CPU.ActiveCfg = Release|Any CPU
		{44A92C10-1CC7-421F-8C3B-55C882B36163}.Release|Any CPU.Build.0 = Release|Any CPU
		{2F22FB34-EEED-48D0-A42B-47002D374203}.Debug|Any CPU.ActiveCfg = Debug|Any CPU
		{2F22FB34-EEED-48D0-A42B-47002D374203}.Debug|Any CPU.Build.0 = Debug|Any CPU
		{2F22FB34-EEED-48D0-A42B-47002D374203}.Release|Any CPU.ActiveCfg = Release|Any CPU
		{2F22FB34-EEED-48D0-A42B-47002D374203}.Release|Any CPU.Build.0 = Release|Any CPU
		{C3B0BF7C-6DB5-EB6F-D72D-169BFE0C19B2}.Debug|Any CPU.ActiveCfg = Debug|Any CPU
		{C3B0BF7C-6DB5-EB6F-D72D-169BFE0C19B2}.Debug|Any CPU.Build.0 = Debug|Any CPU
		{C3B0BF7C-6DB5-EB6F-D72D-169BFE0C19B2}.Release|Any CPU.ActiveCfg = Release|Any CPU
		{C3B0BF7C-6DB5-EB6F-D72D-169BFE0C19B2}.Release|Any CPU.Build.0 = Release|Any CPU
	EndGlobalSection
	GlobalSection(SolutionProperties) = preSolution
		HideSolutionNode = FALSE
	EndGlobalSection
	GlobalSection(NestedProjects) = preSolution
		{C8B84BA2-BADB-48E9-9531-9A46B84E6934} = {903275A2-A9B0-43E1-A13C-A089F3E48289}
		{DD4DF3ED-7574-4ED0-9381-E72560BE7CF0} = {C8B84BA2-BADB-48E9-9531-9A46B84E6934}
		{60E96745-39DE-41ED-A414-E8E342652ADC} = {DD4DF3ED-7574-4ED0-9381-E72560BE7CF0}
		{2F346098-6647-4B8E-BA89-F74E5EEEA7CF} = {DD4DF3ED-7574-4ED0-9381-E72560BE7CF0}
		{90391051-10EE-4733-85D9-6B039E8B1354} = {DD4DF3ED-7574-4ED0-9381-E72560BE7CF0}
		{FDD0A654-64F6-4C8E-8F35-1CD87EE5E8C1} = {DD4DF3ED-7574-4ED0-9381-E72560BE7CF0}
		{FF128DD8-FF58-47B2-88D4-C07518B21B2A} = {DD4DF3ED-7574-4ED0-9381-E72560BE7CF0}
		{508E3DCF-DA3C-467A-86AD-B409740874C5} = {DD4DF3ED-7574-4ED0-9381-E72560BE7CF0}
		{0A03FEA8-9B33-4345-BE83-1F457397DCA0} = {DD4DF3ED-7574-4ED0-9381-E72560BE7CF0}
		{A42BDC45-5FCD-43B5-945F-111135949ED0} = {DD4DF3ED-7574-4ED0-9381-E72560BE7CF0}
		{15150E38-4EBB-4777-8318-8EF1BA17310C} = {C8B84BA2-BADB-48E9-9531-9A46B84E6934}
		{1887A977-E4CC-49B9-9CD2-84A25BF6D95C} = {15150E38-4EBB-4777-8318-8EF1BA17310C}
		{7F2F8053-2DF5-4917-B19D-85FA82B48BD2} = {1887A977-E4CC-49B9-9CD2-84A25BF6D95C}
		{7655687B-9A51-4272-BB15-A16578D31AEC} = {C8B84BA2-BADB-48E9-9531-9A46B84E6934}
		{0D129FE2-4040-449E-8862-BCA9892D384D} = {7655687B-9A51-4272-BB15-A16578D31AEC}
		{E575C154-F24F-4F35-A2B6-722738A8AC62} = {7655687B-9A51-4272-BB15-A16578D31AEC}
		{64DAAD68-7B15-4FB6-B291-F189C9DE366C} = {7655687B-9A51-4272-BB15-A16578D31AEC}
		{3B04411B-B2C6-404F-A47B-64B7BE36711A} = {7655687B-9A51-4272-BB15-A16578D31AEC}
		{B00B94CD-E5CC-4AC8-BF11-1F9951E9D27D} = {4EC0CE4B-CB37-4694-B1E5-0C005C8653C1}
		{BF8B993E-FB35-4F65-9155-4D3F8B5DCA78} = {4EC0CE4B-CB37-4694-B1E5-0C005C8653C1}
		{4AC5BE06-12CD-46D5-B24D-E85F318A51CB} = {4EC0CE4B-CB37-4694-B1E5-0C005C8653C1}
		{7F21E64B-C3D5-4105-9333-3F18FA10B1A3} = {BF8B993E-FB35-4F65-9155-4D3F8B5DCA78}
		{C455B081-BE62-4D0F-A160-6E1AA6F8227B} = {4AC5BE06-12CD-46D5-B24D-E85F318A51CB}
		{0317D279-EAA1-4C69-B4E8-5E3D096AD887} = {4EC0CE4B-CB37-4694-B1E5-0C005C8653C1}
		{49D31A84-916F-435D-ABFF-DE0E3E2CB155} = {0317D279-EAA1-4C69-B4E8-5E3D096AD887}
		{EE734E7C-4567-46C3-8831-0D8A4D433A40} = {4EC0CE4B-CB37-4694-B1E5-0C005C8653C1}
		{3332E26C-BE19-44D1-885D-5DC17493ED3F} = {EE734E7C-4567-46C3-8831-0D8A4D433A40}
		{2232B0C1-252D-4176-ABFE-47FB87FD140B} = {903275A2-A9B0-43E1-A13C-A089F3E48289}
		{4B8C2613-A4B0-4E00-8216-2639A43ABEF9} = {2232B0C1-252D-4176-ABFE-47FB87FD140B}
		{95265512-084A-4787-9D23-58818F87C926} = {4B8C2613-A4B0-4E00-8216-2639A43ABEF9}
		{E6600BCE-7D33-4770-8F29-C54CD24A37B3} = {4B8C2613-A4B0-4E00-8216-2639A43ABEF9}
		{C29869FE-A8DE-494C-8D03-4DF57E18A02C} = {4EC0CE4B-CB37-4694-B1E5-0C005C8653C1}
		{0235D653-CD84-440F-BF04-00DDBE436AEE} = {C29869FE-A8DE-494C-8D03-4DF57E18A02C}
		{1CE27474-43B3-4FAC-90C9-BFFFF77B3339} = {0235D653-CD84-440F-BF04-00DDBE436AEE}
		{3AF38AB7-3541-4FEF-AEE6-6944E4263CF2} = {0235D653-CD84-440F-BF04-00DDBE436AEE}
		{A6902C8F-F666-497C-926D-6A859B9778AE} = {4EC0CE4B-CB37-4694-B1E5-0C005C8653C1}
		{738F133C-B70B-43A5-A57A-CDA302A3E7CA} = {4EC0CE4B-CB37-4694-B1E5-0C005C8653C1}
		{D789BC5E-A295-44F9-8416-82838FE8AE76} = {4EC0CE4B-CB37-4694-B1E5-0C005C8653C1}
		{CABC6583-6305-4AB6-83E5-3C1E7811294D} = {4EC0CE4B-CB37-4694-B1E5-0C005C8653C1}
		{F0781CD2-5FBB-46BA-9B8C-14E1473DA874} = {4EC0CE4B-CB37-4694-B1E5-0C005C8653C1}
		{5D29E005-9175-4DC7-BAF0-E7EA6FFC59AD} = {C8B84BA2-BADB-48E9-9531-9A46B84E6934}
		{FBF9700F-15E9-49FC-A18C-DCCA8D6A8219} = {5D29E005-9175-4DC7-BAF0-E7EA6FFC59AD}
		{A8FDA7FF-C7D6-4DBA-8F6E-35C68DC0C17C} = {5D29E005-9175-4DC7-BAF0-E7EA6FFC59AD}
		{8E07F389-66B4-4F13-A268-D0E1AADF5658} = {5D29E005-9175-4DC7-BAF0-E7EA6FFC59AD}
		{A7BA2253-DD4A-41E3-B12D-819262814248} = {2232B0C1-252D-4176-ABFE-47FB87FD140B}
		{EEB02A2D-21B1-4EA4-A402-7F1D04AB225B} = {A7BA2253-DD4A-41E3-B12D-819262814248}
		{19EC0004-1113-413B-B9AF-41D43C665ADE} = {A7BA2253-DD4A-41E3-B12D-819262814248}
		{79F6003A-F352-40FE-ACE8-0B5766E8209F} = {4B8C2613-A4B0-4E00-8216-2639A43ABEF9}
		{B53F2213-1F81-4E6F-ADD5-F350DD932086} = {C8B84BA2-BADB-48E9-9531-9A46B84E6934}
		{02AE52DE-2E47-4C8F-A9F5-A45D4C8CCEE5} = {B53F2213-1F81-4E6F-ADD5-F350DD932086}
		{F0304FED-E930-4FD9-81C1-F9B0E6B1E698} = {02AE52DE-2E47-4C8F-A9F5-A45D4C8CCEE5}
		{F7DB5956-9CA3-4AEE-8B90-DABF0E2D57C8} = {02AE52DE-2E47-4C8F-A9F5-A45D4C8CCEE5}
		{C2DBA724-7DBE-4FFB-8473-2E9F4E72A102} = {02AE52DE-2E47-4C8F-A9F5-A45D4C8CCEE5}
		{258A1141-E4AB-489B-94AE-86763AB6652D} = {02AE52DE-2E47-4C8F-A9F5-A45D4C8CCEE5}
		{1032AECF-5A0A-4B62-B721-E7C2C01619A1} = {02AE52DE-2E47-4C8F-A9F5-A45D4C8CCEE5}
		{D3EA72BA-19D2-4D7D-B3FB-0B1E84855EA1} = {02AE52DE-2E47-4C8F-A9F5-A45D4C8CCEE5}
		{F57C5C96-B1D5-4196-897F-DAFF132727E1} = {02AE52DE-2E47-4C8F-A9F5-A45D4C8CCEE5}
		{44D5B14D-F2FD-4FEE-947B-2E6D975FE935} = {903275A2-A9B0-43E1-A13C-A089F3E48289}
		{E9B90DF4-60DA-4EA0-9FCC-973AFE3CD8A0} = {44D5B14D-F2FD-4FEE-947B-2E6D975FE935}
		{D6859EAF-13E2-4925-80E8-2BB244EC3635} = {E9B90DF4-60DA-4EA0-9FCC-973AFE3CD8A0}
		{11589F4D-1CB1-40C8-B471-C7B4A9B27B57} = {E9B90DF4-60DA-4EA0-9FCC-973AFE3CD8A0}
		{4F3955D1-2B8C-4C6D-AD6A-FE403EEA7145} = {E9B90DF4-60DA-4EA0-9FCC-973AFE3CD8A0}
		{0A839E60-F38B-4FE9-BC4B-04690563430A} = {E9B90DF4-60DA-4EA0-9FCC-973AFE3CD8A0}
		{6C87A4A0-55FA-4C89-8656-D5281CF4B3B4} = {E9B90DF4-60DA-4EA0-9FCC-973AFE3CD8A0}
		{72FF2A3C-C3DC-4952-B221-533A080A4BD4} = {E9B90DF4-60DA-4EA0-9FCC-973AFE3CD8A0}
		{CDD2C5BC-B0FB-45AA-B5BD-36AEE37E7FEE} = {44D5B14D-F2FD-4FEE-947B-2E6D975FE935}
		{75E12541-CB9C-4E3E-AAA9-9CD31055EE2D} = {CDD2C5BC-B0FB-45AA-B5BD-36AEE37E7FEE}
		{3EB857DA-B993-4B41-B287-9A674E61B08E} = {CDD2C5BC-B0FB-45AA-B5BD-36AEE37E7FEE}
		{67337A40-F218-4678-A242-4E37145F1192} = {CDD2C5BC-B0FB-45AA-B5BD-36AEE37E7FEE}
		{B13745BD-2B6E-4379-AD4C-80F036CDBD10} = {CDD2C5BC-B0FB-45AA-B5BD-36AEE37E7FEE}
		{82F8FEC1-0728-437F-8BC8-2582AABC0D68} = {CDD2C5BC-B0FB-45AA-B5BD-36AEE37E7FEE}
		{92B9B314-DF3B-4876-BD6D-4E5CC2DAC8FB} = {CDD2C5BC-B0FB-45AA-B5BD-36AEE37E7FEE}
		{2960F0A7-6D3F-4EEA-902B-EFD1D8608669} = {CDD2C5BC-B0FB-45AA-B5BD-36AEE37E7FEE}
		{89FB682A-A6C4-40AA-9405-2A0E68E88E82} = {CDD2C5BC-B0FB-45AA-B5BD-36AEE37E7FEE}
		{6F479F05-7F36-4B24-B365-DAB62708216B} = {CDD2C5BC-B0FB-45AA-B5BD-36AEE37E7FEE}
		{E78F7715-4CB4-4D53-AF64-8AB4F82A8575} = {CDD2C5BC-B0FB-45AA-B5BD-36AEE37E7FEE}
		{5F2C0E82-1101-4A50-96AF-FE33884C513C} = {CDD2C5BC-B0FB-45AA-B5BD-36AEE37E7FEE}
		{44A92C10-1CC7-421F-8C3B-55C882B36163} = {34F3D23B-25FE-42CE-A8CD-C71ECB530B9E}
		{C3B0BF7C-6DB5-EB6F-D72D-169BFE0C19B2} = {34F3D23B-25FE-42CE-A8CD-C71ECB530B9E}
	EndGlobalSection
	GlobalSection(ExtensibilityGlobals) = postSolution
		SolutionGuid = {22722325-6FE3-4A44-9D6F-E82DEB2E6AFC}
	EndGlobalSection
EndGlobal
